
Microsoft Visual Studio Solution File, Format Version 12.00
# Visual Studio Version 17
VisualStudioVersion = 17.5.002.0
MinimumVisualStudioVersion = 10.0.40219.1
Project("{2150E333-8FDC-42A3-9474-1A3956D46DE8}") = "Console", "Console", "{F90DB93A-77E0-4506-A9B7-F50B8435CB46}"
EndProject
Project("{9A19103F-16F7-4668-BE54-9A1E7A4F7556}") = "C001_HelloWorld", "Console\C001_HelloWorld\C001_HelloWorld.csproj", "{561F0602-7DA0-4BC1-8366-A78CC6C8FFC8}"
EndProject
Project("{FAE04EC0-301F-11D3-BF4B-00C04F79EFBC}") = "C002_VariablesConstantsIO", "Console\C002_VariablesConstantsIO\C002_VariablesConstantsIO.csproj", "{B3294521-758F-453A-80AE-4755C5435C5F}"
EndProject
Project("{FAE04EC0-301F-11D3-BF4B-00C04F79EFBC}") = "C003_ArithmeticAssignment", "Console\C003_ArithmeticAssignment\C003_ArithmeticAssignment.csproj", "{C8A7A0AC-AE65-4050-80B8-6B6873871DFF}"
EndProject
Project("{FAE04EC0-301F-11D3-BF4B-00C04F79EFBC}") = "C004_Logical_if_switch", "Console\C004_Logical_if_switch\C004_Logical_if_switch.csproj", "{F1C4CDE2-B128-4DF6-8DA8-30320CA01C25}"
EndProject
Project("{FAE04EC0-301F-11D3-BF4B-00C04F79EFBC}") = "C005_for_while", "Console\C005_for_while\C005_for_while.csproj", "{618C9FF0-4534-480A-AEB6-82BDC67DC2DD}"
EndProject
Project("{FAE04EC0-301F-11D3-BF4B-00C04F79EFBC}") = "C006_Method", "Console\C006_Method\C006_Method.csproj", "{CD0CC4B2-4DE4-408D-87F7-DFC60E4EFD94}"
EndProject
Project("{FAE04EC0-301F-11D3-BF4B-00C04F79EFBC}") = "C007_Class", "Console\C007_Class\C007_Class.csproj", "{096DECD5-771A-4AFE-80A1-52B00D6DDAA5}"
EndProject
Project("{FAE04EC0-301F-11D3-BF4B-00C04F79EFBC}") = "CS007A-REF-VALUE", "Console\CS007A-REF-VALUE\CS007A-REF-VALUE.csproj", "{361CBD3D-B279-4971-B33D-44740D471C21}"
EndProject
Project("{FAE04EC0-301F-11D3-BF4B-00C04F79EFBC}") = "CS007B_PARTIAL", "Console\CS007B_PARTIAL\CS007B_PARTIAL.csproj", "{D8C6E526-B811-4EB9-A4F7-D167F3B46966}"
EndProject
Project("{FAE04EC0-301F-11D3-BF4B-00C04F79EFBC}") = "CS008_Anonymous", "Console\CS008_Anonymous\CS008_Anonymous.csproj", "{BFC2D0F4-4DEC-4254-8603-D9A4EA86C564}"
EndProject
Project("{FAE04EC0-301F-11D3-BF4B-00C04F79EFBC}") = "CS008_AnonymouType_Dynamic", "Console\CS008_AnonymouType_Dynamic\CS008_AnonymouType_Dynamic.csproj", "{CB6B30FE-124B-4586-9838-DFA683C1A052}"
EndProject
Project("{FAE04EC0-301F-11D3-BF4B-00C04F79EFBC}") = "CS009_Anonymous_lambda", "Console\CS009_Anonymous_lambda\CS009_Anonymous_lambda.csproj", "{B7A8A158-506F-482F-B655-632ED25123B7}"
EndProject
Project("{FAE04EC0-301F-11D3-BF4B-00C04F79EFBC}") = "CS009_Event", "Console\CS009_Event\CS009_Event.csproj", "{9A3F2AF2-4A81-4B98-9FE2-191837BEF3D2}"
EndProject
Project("{FAE04EC0-301F-11D3-BF4B-00C04F79EFBC}") = "CS010_Constructors", "Console\CS010_Constructors\CS010_Constructors.csproj", "{5B930C5A-CF33-45AE-AC4A-E24879CDB869}"
EndProject
Project("{FAE04EC0-301F-11D3-BF4B-00C04F79EFBC}") = "CS011_ClassAdvanced", "Console\CS011_ClassAdvanced\CS011_ClassAdvanced.csproj", "{8C702A20-35A5-4F21-BFB8-275425A23471}"
EndProject
Project("{FAE04EC0-301F-11D3-BF4B-00C04F79EFBC}") = "CS012_Array", "Console\CS012_Array\CS012_Array.csproj", "{372FD2FF-31FE-4A3B-8E0C-D35E802AF06C}"
EndProject
Project("{FAE04EC0-301F-11D3-BF4B-00C04F79EFBC}") = "CS012_String", "Console\CS012_String\CS012_String.csproj", "{7501C15E-54B9-415D-9CC2-CBBDC79DD911}"
EndProject
Project("{FAE04EC0-301F-11D3-BF4B-00C04F79EFBC}") = "CS013_Inheritance", "Console\CS013_Inheritance\CS013_Inheritance.csproj", "{F3F524CC-AE5F-4EDC-9E6D-3CBBEF119459}"
EndProject
Project("{FAE04EC0-301F-11D3-BF4B-00C04F79EFBC}") = "CS014_struct_enum", "Console\CS014_struct_enum\CS014_struct_enum.csproj", "{CDDDE55F-672C-413F-83EA-E293CA1D02F0}"
EndProject
Project("{FAE04EC0-301F-11D3-BF4B-00C04F79EFBC}") = "CS015_Error_Exception", "Console\CS015_Error_Exception\CS015_Error_Exception.csproj", "{A5D54F2D-D5DB-41DF-A1F5-712FF0FECB6B}"
EndProject
Project("{FAE04EC0-301F-11D3-BF4B-00C04F79EFBC}") = "CS016_FilesDirectories", "Console\CS016_FilesDirectories\CS016_FilesDirectories.csproj", "{13DAEA20-1D95-452F-81E4-12564BE7D65C}"
EndProject
Project("{FAE04EC0-301F-11D3-BF4B-00C04F79EFBC}") = "CS016_Stream_FileStream", "Console\CS016_Stream_FileStream\CS016_Stream_FileStream.csproj", "{10ED956A-668B-493C-9F83-63BAA9A892E6}"
EndProject
Project("{FAE04EC0-301F-11D3-BF4B-00C04F79EFBC}") = "CS017_GenericCollect", "Console\CS017_GenericCollect\CS017_GenericCollect.csproj", "{C90C76DC-9403-4CA1-99DF-569B69B4E50A}"
EndProject
Project("{FAE04EC0-301F-11D3-BF4B-00C04F79EFBC}") = "CS018_LINQ", "Console\CS018_LINQ\CS018_LINQ.csproj", "{64DEF70F-12C4-42B1-A568-AD43937A7E60}"
EndProject
Project("{FAE04EC0-301F-11D3-BF4B-00C04F79EFBC}") = "CS19-ObserableCollection", "Console\CS019_ObserableCollection\CS19-ObserableCollection.csproj", "{41BAB1DB-EDC7-49DC-944F-E786DD7082F9}"
EndProject
Project("{FAE04EC0-301F-11D3-BF4B-00C04F79EFBC}") = "CS020_ExtensionMethod", "Console\CS020_ExtensionMethod\CS020_ExtensionMethod.csproj", "{BACAF289-48A4-4992-960D-320344FE6406}"
EndProject
Project("{FAE04EC0-301F-11D3-BF4B-00C04F79EFBC}") = "CS021_ASYNCHRONOUS", "Console\CS021_ASYNCHRONOUS\CS021_ASYNCHRONOUS.csproj", "{16A4A326-88C9-451A-A3BE-B036ACC8DAC4}"
EndProject
Project("{FAE04EC0-301F-11D3-BF4B-00C04F79EFBC}") = "struct_and_enum", "Console\CS022_struct_and_enum\struct_and_enum.csproj", "{EC99DA00-AA07-42E2-AAED-3B33C3FACC45}"
EndProject
Project("{FAE04EC0-301F-11D3-BF4B-00C04F79EFBC}") = "CS023_Dispose", "Console\CS023_Dispose\CS023_Dispose.csproj", "{371A6B57-0CDE-4713-A183-2CAF5A10B575}"
EndProject
Project("{FAE04EC0-301F-11D3-BF4B-00C04F79EFBC}") = "CS024_SomeCollections", "Console\CS024_SomeCollections\CS024_SomeCollections.csproj", "{6E6B5402-F002-4F79-B1A9-96A8AF489B95}"
EndProject
Project("{FAE04EC0-301F-11D3-BF4B-00C04F79EFBC}") = "CS025_Type", "Console\CS025_Type\CS025_Type.csproj", "{0EDB4520-D493-42A8-8638-133E2B8A8CEF}"
EndProject
Project("{FAE04EC0-301F-11D3-BF4B-00C04F79EFBC}") = "CS026_Attribute", "Console\CS026_Attribute\CS026_Attribute.csproj", "{859FB80D-A3D2-4230-9B3B-FD8BEAEDDAFC}"
EndProject
Project("{2150E333-8FDC-42A3-9474-1A3956D46DE8}") = "CS027_Dependencyinjection", "CS027_Dependencyinjection", "{E2C5C43E-7112-497C-99CE-23818335A8E9}"
EndProject
Project("{FAE04EC0-301F-11D3-BF4B-00C04F79EFBC}") = "car_horn_di_interface", "Console\CS027_Dependencyinjection\car_horn_di_interface\car_horn_di_interface.csproj", "{C36A5685-EE52-4036-BE82-474C9592B98A}"
EndProject
Project("{FAE04EC0-301F-11D3-BF4B-00C04F79EFBC}") = "car_horn_nodi", "Console\CS027_Dependencyinjection\car_horn_nodi\car_horn_nodi.csproj", "{3F2DC394-DCAB-4AFA-91A3-C6941AAB24B7}"
EndProject
Project("{FAE04EC0-301F-11D3-BF4B-00C04F79EFBC}") = "car-horn-nodi", "Console\CS027_Dependencyinjection\car_horn_nodi_update\car-horn-nodi.csproj", "{5AA01FBD-F76F-4478-A321-5A07B3FCC4F0}"
EndProject
Project("{FAE04EC0-301F-11D3-BF4B-00C04F79EFBC}") = "car_horn_with_di", "Console\CS027_Dependencyinjection\car_horn_with_di\car_horn_with_di.csproj", "{B392BDFE-D9E4-40B9-AE6B-5B246C0ED467}"
EndProject
Project("{FAE04EC0-301F-11D3-BF4B-00C04F79EFBC}") = "car_horn_with_di_update", "Console\CS027_Dependencyinjection\car_horn_with_di_update\car_horn_with_di_update.csproj", "{4E39750F-E966-46FF-8530-B7BB572E7B92}"
EndProject
Project("{FAE04EC0-301F-11D3-BF4B-00C04F79EFBC}") = "di", "Console\CS027_Dependencyinjection\di\di.csproj", "{366D47DD-720E-46B3-8614-04363D954621}"
EndProject
Project("{FAE04EC0-301F-11D3-BF4B-00C04F79EFBC}") = "di_fileconfig", "Console\CS027_Dependencyinjection\di_fileconfig\di_fileconfig.csproj", "{271F0949-65AC-4B07-8F9C-D5E894C8289E}"
EndProject
Project("{FAE04EC0-301F-11D3-BF4B-00C04F79EFBC}") = "di_options", "Console\CS027_Dependencyinjection\di_options\di_options.csproj", "{F845DA5F-1F4D-496E-9DEF-9570E89394E1}"
EndProject
Project("{2150E333-8FDC-42A3-9474-1A3956D46DE8}") = "CS028_Parallel", "CS028_Parallel", "{D5204321-5F57-402F-98E6-A46F41AE7B65}"
EndProject
Project("{FAE04EC0-301F-11D3-BF4B-00C04F79EFBC}") = "For", "Console\CS028_Parallel\For\For.csproj", "{9E11392D-BD8B-4607-BF8E-2938499AFD1C}"
EndProject
Project("{FAE04EC0-301F-11D3-BF4B-00C04F79EFBC}") = "ForAsync", "Console\CS028_Parallel\ForAsync\ForAsync.csproj", "{92D42296-E680-49A7-BE38-9971837DCAF1}"
EndProject
Project("{FAE04EC0-301F-11D3-BF4B-00C04F79EFBC}") = "ForEach", "Console\CS028_Parallel\ForEach\ForEach.csproj", "{A68CB057-F5EC-41F2-AEF8-9900123FA60C}"
EndProject
Project("{FAE04EC0-301F-11D3-BF4B-00C04F79EFBC}") = "Invoke", "Console\CS028_Parallel\Invoke\Invoke.csproj", "{8DB9B396-41E7-484A-8B7F-A3A2A4B60D1F}"
EndProject
Project("{FAE04EC0-301F-11D3-BF4B-00C04F79EFBC}") = "CS030_SendMail", "Console\CS030_SendMail\CS030_SendMail.csproj", "{E0D8C3B5-511E-409F-B712-BBCDDD73C2FD}"
EndProject
Project("{FAE04EC0-301F-11D3-BF4B-00C04F79EFBC}") = "CS031_SemaphoreSlim", "Console\CS031_SemaphoreSlim\CS031_SemaphoreSlim.csproj", "{4240A3AC-496B-4FB5-8AF1-550C5017BE93}"
EndProject
Project("{FAE04EC0-301F-11D3-BF4B-00C04F79EFBC}") = "SingleResponsibilityPrinciple", "SOLID\CS01_SingleResponsibilityPrinciple\SingleResponsibilityPrinciple.csproj", "{8C8083CE-2E45-48F8-AC31-473988DFB61D}"
EndProject
Global
	GlobalSection(SolutionConfigurationPlatforms) = preSolution
		Debug|Any CPU = Debug|Any CPU
		Release|Any CPU = Release|Any CPU
	EndGlobalSection
	GlobalSection(ProjectConfigurationPlatforms) = postSolution
		{561F0602-7DA0-4BC1-8366-A78CC6C8FFC8}.Debug|Any CPU.ActiveCfg = Debug|Any CPU
		{561F0602-7DA0-4BC1-8366-A78CC6C8FFC8}.Debug|Any CPU.Build.0 = Debug|Any CPU
		{561F0602-7DA0-4BC1-8366-A78CC6C8FFC8}.Release|Any CPU.ActiveCfg = Release|Any CPU
		{561F0602-7DA0-4BC1-8366-A78CC6C8FFC8}.Release|Any CPU.Build.0 = Release|Any CPU
		{B3294521-758F-453A-80AE-4755C5435C5F}.Debug|Any CPU.ActiveCfg = Debug|Any CPU
		{B3294521-758F-453A-80AE-4755C5435C5F}.Debug|Any CPU.Build.0 = Debug|Any CPU
		{B3294521-758F-453A-80AE-4755C5435C5F}.Release|Any CPU.ActiveCfg = Release|Any CPU
		{B3294521-758F-453A-80AE-4755C5435C5F}.Release|Any CPU.Build.0 = Release|Any CPU
		{C8A7A0AC-AE65-4050-80B8-6B6873871DFF}.Debug|Any CPU.ActiveCfg = Debug|Any CPU
		{C8A7A0AC-AE65-4050-80B8-6B6873871DFF}.Debug|Any CPU.Build.0 = Debug|Any CPU
		{C8A7A0AC-AE65-4050-80B8-6B6873871DFF}.Release|Any CPU.ActiveCfg = Release|Any CPU
		{C8A7A0AC-AE65-4050-80B8-6B6873871DFF}.Release|Any CPU.Build.0 = Release|Any CPU
		{F1C4CDE2-B128-4DF6-8DA8-30320CA01C25}.Debug|Any CPU.ActiveCfg = Debug|Any CPU
		{F1C4CDE2-B128-4DF6-8DA8-30320CA01C25}.Debug|Any CPU.Build.0 = Debug|Any CPU
		{F1C4CDE2-B128-4DF6-8DA8-30320CA01C25}.Release|Any CPU.ActiveCfg = Release|Any CPU
		{F1C4CDE2-B128-4DF6-8DA8-30320CA01C25}.Release|Any CPU.Build.0 = Release|Any CPU
		{618C9FF0-4534-480A-AEB6-82BDC67DC2DD}.Debug|Any CPU.ActiveCfg = Debug|Any CPU
		{618C9FF0-4534-480A-AEB6-82BDC67DC2DD}.Debug|Any CPU.Build.0 = Debug|Any CPU
		{618C9FF0-4534-480A-AEB6-82BDC67DC2DD}.Release|Any CPU.ActiveCfg = Release|Any CPU
		{618C9FF0-4534-480A-AEB6-82BDC67DC2DD}.Release|Any CPU.Build.0 = Release|Any CPU
		{CD0CC4B2-4DE4-408D-87F7-DFC60E4EFD94}.Debug|Any CPU.ActiveCfg = Debug|Any CPU
		{CD0CC4B2-4DE4-408D-87F7-DFC60E4EFD94}.Debug|Any CPU.Build.0 = Debug|Any CPU
		{CD0CC4B2-4DE4-408D-87F7-DFC60E4EFD94}.Release|Any CPU.ActiveCfg = Release|Any CPU
		{CD0CC4B2-4DE4-408D-87F7-DFC60E4EFD94}.Release|Any CPU.Build.0 = Release|Any CPU
		{096DECD5-771A-4AFE-80A1-52B00D6DDAA5}.Debug|Any CPU.ActiveCfg = Debug|Any CPU
		{096DECD5-771A-4AFE-80A1-52B00D6DDAA5}.Debug|Any CPU.Build.0 = Debug|Any CPU
		{096DECD5-771A-4AFE-80A1-52B00D6DDAA5}.Release|Any CPU.ActiveCfg = Release|Any CPU
		{096DECD5-771A-4AFE-80A1-52B00D6DDAA5}.Release|Any CPU.Build.0 = Release|Any CPU
		{361CBD3D-B279-4971-B33D-44740D471C21}.Debug|Any CPU.ActiveCfg = Debug|Any CPU
		{361CBD3D-B279-4971-B33D-44740D471C21}.Debug|Any CPU.Build.0 = Debug|Any CPU
		{361CBD3D-B279-4971-B33D-44740D471C21}.Release|Any CPU.ActiveCfg = Release|Any CPU
		{361CBD3D-B279-4971-B33D-44740D471C21}.Release|Any CPU.Build.0 = Release|Any CPU
		{D8C6E526-B811-4EB9-A4F7-D167F3B46966}.Debug|Any CPU.ActiveCfg = Debug|Any CPU
		{D8C6E526-B811-4EB9-A4F7-D167F3B46966}.Debug|Any CPU.Build.0 = Debug|Any CPU
		{D8C6E526-B811-4EB9-A4F7-D167F3B46966}.Release|Any CPU.ActiveCfg = Release|Any CPU
		{D8C6E526-B811-4EB9-A4F7-D167F3B46966}.Release|Any CPU.Build.0 = Release|Any CPU
		{BFC2D0F4-4DEC-4254-8603-D9A4EA86C564}.Debug|Any CPU.ActiveCfg = Debug|Any CPU
		{BFC2D0F4-4DEC-4254-8603-D9A4EA86C564}.Debug|Any CPU.Build.0 = Debug|Any CPU
		{BFC2D0F4-4DEC-4254-8603-D9A4EA86C564}.Release|Any CPU.ActiveCfg = Release|Any CPU
		{BFC2D0F4-4DEC-4254-8603-D9A4EA86C564}.Release|Any CPU.Build.0 = Release|Any CPU
		{CB6B30FE-124B-4586-9838-DFA683C1A052}.Debug|Any CPU.ActiveCfg = Debug|Any CPU
		{CB6B30FE-124B-4586-9838-DFA683C1A052}.Debug|Any CPU.Build.0 = Debug|Any CPU
		{CB6B30FE-124B-4586-9838-DFA683C1A052}.Release|Any CPU.ActiveCfg = Release|Any CPU
		{CB6B30FE-124B-4586-9838-DFA683C1A052}.Release|Any CPU.Build.0 = Release|Any CPU
		{B7A8A158-506F-482F-B655-632ED25123B7}.Debug|Any CPU.ActiveCfg = Debug|Any CPU
		{B7A8A158-506F-482F-B655-632ED25123B7}.Debug|Any CPU.Build.0 = Debug|Any CPU
		{B7A8A158-506F-482F-B655-632ED25123B7}.Release|Any CPU.ActiveCfg = Release|Any CPU
		{B7A8A158-506F-482F-B655-632ED25123B7}.Release|Any CPU.Build.0 = Release|Any CPU
		{9A3F2AF2-4A81-4B98-9FE2-191837BEF3D2}.Debug|Any CPU.ActiveCfg = Debug|Any CPU
		{9A3F2AF2-4A81-4B98-9FE2-191837BEF3D2}.Debug|Any CPU.Build.0 = Debug|Any CPU
		{9A3F2AF2-4A81-4B98-9FE2-191837BEF3D2}.Release|Any CPU.ActiveCfg = Release|Any CPU
		{9A3F2AF2-4A81-4B98-9FE2-191837BEF3D2}.Release|Any CPU.Build.0 = Release|Any CPU
		{5B930C5A-CF33-45AE-AC4A-E24879CDB869}.Debug|Any CPU.ActiveCfg = Debug|Any CPU
		{5B930C5A-CF33-45AE-AC4A-E24879CDB869}.Debug|Any CPU.Build.0 = Debug|Any CPU
		{5B930C5A-CF33-45AE-AC4A-E24879CDB869}.Release|Any CPU.ActiveCfg = Release|Any CPU
		{5B930C5A-CF33-45AE-AC4A-E24879CDB869}.Release|Any CPU.Build.0 = Release|Any CPU
		{8C702A20-35A5-4F21-BFB8-275425A23471}.Debug|Any CPU.ActiveCfg = Debug|Any CPU
		{8C702A20-35A5-4F21-BFB8-275425A23471}.Debug|Any CPU.Build.0 = Debug|Any CPU
		{8C702A20-35A5-4F21-BFB8-275425A23471}.Release|Any CPU.ActiveCfg = Release|Any CPU
		{8C702A20-35A5-4F21-BFB8-275425A23471}.Release|Any CPU.Build.0 = Release|Any CPU
		{372FD2FF-31FE-4A3B-8E0C-D35E802AF06C}.Debug|Any CPU.ActiveCfg = Debug|Any CPU
		{372FD2FF-31FE-4A3B-8E0C-D35E802AF06C}.Debug|Any CPU.Build.0 = Debug|Any CPU
		{372FD2FF-31FE-4A3B-8E0C-D35E802AF06C}.Release|Any CPU.ActiveCfg = Release|Any CPU
		{372FD2FF-31FE-4A3B-8E0C-D35E802AF06C}.Release|Any CPU.Build.0 = Release|Any CPU
		{7501C15E-54B9-415D-9CC2-CBBDC79DD911}.Debug|Any CPU.ActiveCfg = Debug|Any CPU
		{7501C15E-54B9-415D-9CC2-CBBDC79DD911}.Debug|Any CPU.Build.0 = Debug|Any CPU
		{7501C15E-54B9-415D-9CC2-CBBDC79DD911}.Release|Any CPU.ActiveCfg = Release|Any CPU
		{7501C15E-54B9-415D-9CC2-CBBDC79DD911}.Release|Any CPU.Build.0 = Release|Any CPU
		{F3F524CC-AE5F-4EDC-9E6D-3CBBEF119459}.Debug|Any CPU.ActiveCfg = Debug|Any CPU
		{F3F524CC-AE5F-4EDC-9E6D-3CBBEF119459}.Debug|Any CPU.Build.0 = Debug|Any CPU
		{F3F524CC-AE5F-4EDC-9E6D-3CBBEF119459}.Release|Any CPU.ActiveCfg = Release|Any CPU
		{F3F524CC-AE5F-4EDC-9E6D-3CBBEF119459}.Release|Any CPU.Build.0 = Release|Any CPU
		{CDDDE55F-672C-413F-83EA-E293CA1D02F0}.Debug|Any CPU.ActiveCfg = Debug|Any CPU
		{CDDDE55F-672C-413F-83EA-E293CA1D02F0}.Debug|Any CPU.Build.0 = Debug|Any CPU
		{CDDDE55F-672C-413F-83EA-E293CA1D02F0}.Release|Any CPU.ActiveCfg = Release|Any CPU
		{CDDDE55F-672C-413F-83EA-E293CA1D02F0}.Release|Any CPU.Build.0 = Release|Any CPU
		{A5D54F2D-D5DB-41DF-A1F5-712FF0FECB6B}.Debug|Any CPU.ActiveCfg = Debug|Any CPU
		{A5D54F2D-D5DB-41DF-A1F5-712FF0FECB6B}.Debug|Any CPU.Build.0 = Debug|Any CPU
		{A5D54F2D-D5DB-41DF-A1F5-712FF0FECB6B}.Release|Any CPU.ActiveCfg = Release|Any CPU
		{A5D54F2D-D5DB-41DF-A1F5-712FF0FECB6B}.Release|Any CPU.Build.0 = Release|Any CPU
		{13DAEA20-1D95-452F-81E4-12564BE7D65C}.Debug|Any CPU.ActiveCfg = Debug|Any CPU
		{13DAEA20-1D95-452F-81E4-12564BE7D65C}.Debug|Any CPU.Build.0 = Debug|Any CPU
		{13DAEA20-1D95-452F-81E4-12564BE7D65C}.Release|Any CPU.ActiveCfg = Release|Any CPU
		{13DAEA20-1D95-452F-81E4-12564BE7D65C}.Release|Any CPU.Build.0 = Release|Any CPU
		{10ED956A-668B-493C-9F83-63BAA9A892E6}.Debug|Any CPU.ActiveCfg = Debug|Any CPU
		{10ED956A-668B-493C-9F83-63BAA9A892E6}.Debug|Any CPU.Build.0 = Debug|Any CPU
		{10ED956A-668B-493C-9F83-63BAA9A892E6}.Release|Any CPU.ActiveCfg = Release|Any CPU
		{10ED956A-668B-493C-9F83-63BAA9A892E6}.Release|Any CPU.Build.0 = Release|Any CPU
		{C90C76DC-9403-4CA1-99DF-569B69B4E50A}.Debug|Any CPU.ActiveCfg = Debug|Any CPU
		{C90C76DC-9403-4CA1-99DF-569B69B4E50A}.Debug|Any CPU.Build.0 = Debug|Any CPU
		{C90C76DC-9403-4CA1-99DF-569B69B4E50A}.Release|Any CPU.ActiveCfg = Release|Any CPU
		{C90C76DC-9403-4CA1-99DF-569B69B4E50A}.Release|Any CPU.Build.0 = Release|Any CPU
		{64DEF70F-12C4-42B1-A568-AD43937A7E60}.Debug|Any CPU.ActiveCfg = Debug|Any CPU
		{64DEF70F-12C4-42B1-A568-AD43937A7E60}.Debug|Any CPU.Build.0 = Debug|Any CPU
		{64DEF70F-12C4-42B1-A568-AD43937A7E60}.Release|Any CPU.ActiveCfg = Release|Any CPU
		{64DEF70F-12C4-42B1-A568-AD43937A7E60}.Release|Any CPU.Build.0 = Release|Any CPU
		{41BAB1DB-EDC7-49DC-944F-E786DD7082F9}.Debug|Any CPU.ActiveCfg = Debug|Any CPU
		{41BAB1DB-EDC7-49DC-944F-E786DD7082F9}.Debug|Any CPU.Build.0 = Debug|Any CPU
		{41BAB1DB-EDC7-49DC-944F-E786DD7082F9}.Release|Any CPU.ActiveCfg = Release|Any CPU
		{41BAB1DB-EDC7-49DC-944F-E786DD7082F9}.Release|Any CPU.Build.0 = Release|Any CPU
		{BACAF289-48A4-4992-960D-320344FE6406}.Debug|Any CPU.ActiveCfg = Debug|Any CPU
		{BACAF289-48A4-4992-960D-320344FE6406}.Debug|Any CPU.Build.0 = Debug|Any CPU
		{BACAF289-48A4-4992-960D-320344FE6406}.Release|Any CPU.ActiveCfg = Release|Any CPU
		{BACAF289-48A4-4992-960D-320344FE6406}.Release|Any CPU.Build.0 = Release|Any CPU
		{16A4A326-88C9-451A-A3BE-B036ACC8DAC4}.Debug|Any CPU.ActiveCfg = Debug|Any CPU
		{16A4A326-88C9-451A-A3BE-B036ACC8DAC4}.Debug|Any CPU.Build.0 = Debug|Any CPU
		{16A4A326-88C9-451A-A3BE-B036ACC8DAC4}.Release|Any CPU.ActiveCfg = Release|Any CPU
		{16A4A326-88C9-451A-A3BE-B036ACC8DAC4}.Release|Any CPU.Build.0 = Release|Any CPU
		{EC99DA00-AA07-42E2-AAED-3B33C3FACC45}.Debug|Any CPU.ActiveCfg = Debug|Any CPU
		{EC99DA00-AA07-42E2-AAED-3B33C3FACC45}.Debug|Any CPU.Build.0 = Debug|Any CPU
		{EC99DA00-AA07-42E2-AAED-3B33C3FACC45}.Release|Any CPU.ActiveCfg = Release|Any CPU
		{EC99DA00-AA07-42E2-AAED-3B33C3FACC45}.Release|Any CPU.Build.0 = Release|Any CPU
		{371A6B57-0CDE-4713-A183-2CAF5A10B575}.Debug|Any CPU.ActiveCfg = Debug|Any CPU
		{371A6B57-0CDE-4713-A183-2CAF5A10B575}.Debug|Any CPU.Build.0 = Debug|Any CPU
		{371A6B57-0CDE-4713-A183-2CAF5A10B575}.Release|Any CPU.ActiveCfg = Release|Any CPU
		{371A6B57-0CDE-4713-A183-2CAF5A10B575}.Release|Any CPU.Build.0 = Release|Any CPU
		{6E6B5402-F002-4F79-B1A9-96A8AF489B95}.Debug|Any CPU.ActiveCfg = Debug|Any CPU
		{6E6B5402-F002-4F79-B1A9-96A8AF489B95}.Debug|Any CPU.Build.0 = Debug|Any CPU
		{6E6B5402-F002-4F79-B1A9-96A8AF489B95}.Release|Any CPU.ActiveCfg = Release|Any CPU
		{6E6B5402-F002-4F79-B1A9-96A8AF489B95}.Release|Any CPU.Build.0 = Release|Any CPU
		{0EDB4520-D493-42A8-8638-133E2B8A8CEF}.Debug|Any CPU.ActiveCfg = Debug|Any CPU
		{0EDB4520-D493-42A8-8638-133E2B8A8CEF}.Debug|Any CPU.Build.0 = Debug|Any CPU
		{0EDB4520-D493-42A8-8638-133E2B8A8CEF}.Release|Any CPU.ActiveCfg = Release|Any CPU
		{0EDB4520-D493-42A8-8638-133E2B8A8CEF}.Release|Any CPU.Build.0 = Release|Any CPU
		{859FB80D-A3D2-4230-9B3B-FD8BEAEDDAFC}.Debug|Any CPU.ActiveCfg = Debug|Any CPU
		{859FB80D-A3D2-4230-9B3B-FD8BEAEDDAFC}.Debug|Any CPU.Build.0 = Debug|Any CPU
		{859FB80D-A3D2-4230-9B3B-FD8BEAEDDAFC}.Release|Any CPU.ActiveCfg = Release|Any CPU
		{859FB80D-A3D2-4230-9B3B-FD8BEAEDDAFC}.Release|Any CPU.Build.0 = Release|Any CPU
		{C36A5685-EE52-4036-BE82-474C9592B98A}.Debug|Any CPU.ActiveCfg = Debug|Any CPU
		{C36A5685-EE52-4036-BE82-474C9592B98A}.Debug|Any CPU.Build.0 = Debug|Any CPU
		{C36A5685-EE52-4036-BE82-474C9592B98A}.Release|Any CPU.ActiveCfg = Release|Any CPU
		{C36A5685-EE52-4036-BE82-474C9592B98A}.Release|Any CPU.Build.0 = Release|Any CPU
		{3F2DC394-DCAB-4AFA-91A3-C6941AAB24B7}.Debug|Any CPU.ActiveCfg = Debug|Any CPU
		{3F2DC394-DCAB-4AFA-91A3-C6941AAB24B7}.Debug|Any CPU.Build.0 = Debug|Any CPU
		{3F2DC394-DCAB-4AFA-91A3-C6941AAB24B7}.Release|Any CPU.ActiveCfg = Release|Any CPU
		{3F2DC394-DCAB-4AFA-91A3-C6941AAB24B7}.Release|Any CPU.Build.0 = Release|Any CPU
		{5AA01FBD-F76F-4478-A321-5A07B3FCC4F0}.Debug|Any CPU.ActiveCfg = Debug|Any CPU
		{5AA01FBD-F76F-4478-A321-5A07B3FCC4F0}.Debug|Any CPU.Build.0 = Debug|Any CPU
		{5AA01FBD-F76F-4478-A321-5A07B3FCC4F0}.Release|Any CPU.ActiveCfg = Release|Any CPU
		{5AA01FBD-F76F-4478-A321-5A07B3FCC4F0}.Release|Any CPU.Build.0 = Release|Any CPU
		{B392BDFE-D9E4-40B9-AE6B-5B246C0ED467}.Debug|Any CPU.ActiveCfg = Debug|Any CPU
		{B392BDFE-D9E4-40B9-AE6B-5B246C0ED467}.Debug|Any CPU.Build.0 = Debug|Any CPU
		{B392BDFE-D9E4-40B9-AE6B-5B246C0ED467}.Release|Any CPU.ActiveCfg = Release|Any CPU
		{B392BDFE-D9E4-40B9-AE6B-5B246C0ED467}.Release|Any CPU.Build.0 = Release|Any CPU
		{4E39750F-E966-46FF-8530-B7BB572E7B92}.Debug|Any CPU.ActiveCfg = Debug|Any CPU
		{4E39750F-E966-46FF-8530-B7BB572E7B92}.Debug|Any CPU.Build.0 = Debug|Any CPU
		{4E39750F-E966-46FF-8530-B7BB572E7B92}.Release|Any CPU.ActiveCfg = Release|Any CPU
		{4E39750F-E966-46FF-8530-B7BB572E7B92}.Release|Any CPU.Build.0 = Release|Any CPU
		{366D47DD-720E-46B3-8614-04363D954621}.Debug|Any CPU.ActiveCfg = Debug|Any CPU
		{366D47DD-720E-46B3-8614-04363D954621}.Debug|Any CPU.Build.0 = Debug|Any CPU
		{366D47DD-720E-46B3-8614-04363D954621}.Release|Any CPU.ActiveCfg = Release|Any CPU
		{366D47DD-720E-46B3-8614-04363D954621}.Release|Any CPU.Build.0 = Release|Any CPU
		{271F0949-65AC-4B07-8F9C-D5E894C8289E}.Debug|Any CPU.ActiveCfg = Debug|Any CPU
		{271F0949-65AC-4B07-8F9C-D5E894C8289E}.Debug|Any CPU.Build.0 = Debug|Any CPU
		{271F0949-65AC-4B07-8F9C-D5E894C8289E}.Release|Any CPU.ActiveCfg = Release|Any CPU
		{271F0949-65AC-4B07-8F9C-D5E894C8289E}.Release|Any CPU.Build.0 = Release|Any CPU
		{F845DA5F-1F4D-496E-9DEF-9570E89394E1}.Debug|Any CPU.ActiveCfg = Debug|Any CPU
		{F845DA5F-1F4D-496E-9DEF-9570E89394E1}.Debug|Any CPU.Build.0 = Debug|Any CPU
		{F845DA5F-1F4D-496E-9DEF-9570E89394E1}.Release|Any CPU.ActiveCfg = Release|Any CPU
		{F845DA5F-1F4D-496E-9DEF-9570E89394E1}.Release|Any CPU.Build.0 = Release|Any CPU
		{9E11392D-BD8B-4607-BF8E-2938499AFD1C}.Debug|Any CPU.ActiveCfg = Debug|Any CPU
		{9E11392D-BD8B-4607-BF8E-2938499AFD1C}.Debug|Any CPU.Build.0 = Debug|Any CPU
		{9E11392D-BD8B-4607-BF8E-2938499AFD1C}.Release|Any CPU.ActiveCfg = Release|Any CPU
		{9E11392D-BD8B-4607-BF8E-2938499AFD1C}.Release|Any CPU.Build.0 = Release|Any CPU
		{92D42296-E680-49A7-BE38-9971837DCAF1}.Debug|Any CPU.ActiveCfg = Debug|Any CPU
		{92D42296-E680-49A7-BE38-9971837DCAF1}.Debug|Any CPU.Build.0 = Debug|Any CPU
		{92D42296-E680-49A7-BE38-9971837DCAF1}.Release|Any CPU.ActiveCfg = Release|Any CPU
		{92D42296-E680-49A7-BE38-9971837DCAF1}.Release|Any CPU.Build.0 = Release|Any CPU
		{A68CB057-F5EC-41F2-AEF8-9900123FA60C}.Debug|Any CPU.ActiveCfg = Debug|Any CPU
		{A68CB057-F5EC-41F2-AEF8-9900123FA60C}.Debug|Any CPU.Build.0 = Debug|Any CPU
		{A68CB057-F5EC-41F2-AEF8-9900123FA60C}.Release|Any CPU.ActiveCfg = Release|Any CPU
		{A68CB057-F5EC-41F2-AEF8-9900123FA60C}.Release|Any CPU.Build.0 = Release|Any CPU
		{8DB9B396-41E7-484A-8B7F-A3A2A4B60D1F}.Debug|Any CPU.ActiveCfg = Debug|Any CPU
		{8DB9B396-41E7-484A-8B7F-A3A2A4B60D1F}.Debug|Any CPU.Build.0 = Debug|Any CPU
		{8DB9B396-41E7-484A-8B7F-A3A2A4B60D1F}.Release|Any CPU.ActiveCfg = Release|Any CPU
		{8DB9B396-41E7-484A-8B7F-A3A2A4B60D1F}.Release|Any CPU.Build.0 = Release|Any CPU
		{E0D8C3B5-511E-409F-B712-BBCDDD73C2FD}.Debug|Any CPU.ActiveCfg = Debug|Any CPU
		{E0D8C3B5-511E-409F-B712-BBCDDD73C2FD}.Debug|Any CPU.Build.0 = Debug|Any CPU
		{E0D8C3B5-511E-409F-B712-BBCDDD73C2FD}.Release|Any CPU.ActiveCfg = Release|Any CPU
		{E0D8C3B5-511E-409F-B712-BBCDDD73C2FD}.Release|Any CPU.Build.0 = Release|Any CPU
		{4240A3AC-496B-4FB5-8AF1-550C5017BE93}.Debug|Any CPU.ActiveCfg = Debug|Any CPU
		{4240A3AC-496B-4FB5-8AF1-550C5017BE93}.Debug|Any CPU.Build.0 = Debug|Any CPU
		{4240A3AC-496B-4FB5-8AF1-550C5017BE93}.Release|Any CPU.ActiveCfg = Release|Any CPU
		{4240A3AC-496B-4FB5-8AF1-550C5017BE93}.Release|Any CPU.Build.0 = Release|Any CPU
		{8C8083CE-2E45-48F8-AC31-473988DFB61D}.Debug|Any CPU.ActiveCfg = Debug|Any CPU
		{8C8083CE-2E45-48F8-AC31-473988DFB61D}.Debug|Any CPU.Build.0 = Debug|Any CPU
		{8C8083CE-2E45-48F8-AC31-473988DFB61D}.Release|Any CPU.ActiveCfg = Release|Any CPU
		{8C8083CE-2E45-48F8-AC31-473988DFB61D}.Release|Any CPU.Build.0 = Release|Any CPU
	EndGlobalSection
	GlobalSection(SolutionProperties) = preSolution
		HideSolutionNode = FALSE
	EndGlobalSection
	GlobalSection(NestedProjects) = preSolution
		{561F0602-7DA0-4BC1-8366-A78CC6C8FFC8} = {F90DB93A-77E0-4506-A9B7-F50B8435CB46}
		{B3294521-758F-453A-80AE-4755C5435C5F} = {F90DB93A-77E0-4506-A9B7-F50B8435CB46}
		{F1C4CDE2-B128-4DF6-8DA8-30320CA01C25} = {F90DB93A-77E0-4506-A9B7-F50B8435CB46}
		{618C9FF0-4534-480A-AEB6-82BDC67DC2DD} = {F90DB93A-77E0-4506-A9B7-F50B8435CB46}
		{CD0CC4B2-4DE4-408D-87F7-DFC60E4EFD94} = {F90DB93A-77E0-4506-A9B7-F50B8435CB46}
		{096DECD5-771A-4AFE-80A1-52B00D6DDAA5} = {F90DB93A-77E0-4506-A9B7-F50B8435CB46}
		{361CBD3D-B279-4971-B33D-44740D471C21} = {F90DB93A-77E0-4506-A9B7-F50B8435CB46}
		{D8C6E526-B811-4EB9-A4F7-D167F3B46966} = {F90DB93A-77E0-4506-A9B7-F50B8435CB46}
		{BFC2D0F4-4DEC-4254-8603-D9A4EA86C564} = {F90DB93A-77E0-4506-A9B7-F50B8435CB46}
		{CB6B30FE-124B-4586-9838-DFA683C1A052} = {F90DB93A-77E0-4506-A9B7-F50B8435CB46}
		{B7A8A158-506F-482F-B655-632ED25123B7} = {F90DB93A-77E0-4506-A9B7-F50B8435CB46}
		{9A3F2AF2-4A81-4B98-9FE2-191837BEF3D2} = {F90DB93A-77E0-4506-A9B7-F50B8435CB46}
		{5B930C5A-CF33-45AE-AC4A-E24879CDB869} = {F90DB93A-77E0-4506-A9B7-F50B8435CB46}
		{8C702A20-35A5-4F21-BFB8-275425A23471} = {F90DB93A-77E0-4506-A9B7-F50B8435CB46}
		{372FD2FF-31FE-4A3B-8E0C-D35E802AF06C} = {F90DB93A-77E0-4506-A9B7-F50B8435CB46}
		{7501C15E-54B9-415D-9CC2-CBBDC79DD911} = {F90DB93A-77E0-4506-A9B7-F50B8435CB46}
		{F3F524CC-AE5F-4EDC-9E6D-3CBBEF119459} = {F90DB93A-77E0-4506-A9B7-F50B8435CB46}
		{CDDDE55F-672C-413F-83EA-E293CA1D02F0} = {F90DB93A-77E0-4506-A9B7-F50B8435CB46}
		{A5D54F2D-D5DB-41DF-A1F5-712FF0FECB6B} = {F90DB93A-77E0-4506-A9B7-F50B8435CB46}
		{13DAEA20-1D95-452F-81E4-12564BE7D65C} = {F90DB93A-77E0-4506-A9B7-F50B8435CB46}
		{10ED956A-668B-493C-9F83-63BAA9A892E6} = {F90DB93A-77E0-4506-A9B7-F50B8435CB46}
		{C90C76DC-9403-4CA1-99DF-569B69B4E50A} = {F90DB93A-77E0-4506-A9B7-F50B8435CB46}
		{64DEF70F-12C4-42B1-A568-AD43937A7E60} = {F90DB93A-77E0-4506-A9B7-F50B8435CB46}
		{41BAB1DB-EDC7-49DC-944F-E786DD7082F9} = {F90DB93A-77E0-4506-A9B7-F50B8435CB46}
		{BACAF289-48A4-4992-960D-320344FE6406} = {F90DB93A-77E0-4506-A9B7-F50B8435CB46}
		{16A4A326-88C9-451A-A3BE-B036ACC8DAC4} = {F90DB93A-77E0-4506-A9B7-F50B8435CB46}
		{EC99DA00-AA07-42E2-AAED-3B33C3FACC45} = {F90DB93A-77E0-4506-A9B7-F50B8435CB46}
		{371A6B57-0CDE-4713-A183-2CAF5A10B575} = {F90DB93A-77E0-4506-A9B7-F50B8435CB46}
		{6E6B5402-F002-4F79-B1A9-96A8AF489B95} = {F90DB93A-77E0-4506-A9B7-F50B8435CB46}
		{0EDB4520-D493-42A8-8638-133E2B8A8CEF} = {F90DB93A-77E0-4506-A9B7-F50B8435CB46}
		{859FB80D-A3D2-4230-9B3B-FD8BEAEDDAFC} = {F90DB93A-77E0-4506-A9B7-F50B8435CB46}
		{E2C5C43E-7112-497C-99CE-23818335A8E9} = {F90DB93A-77E0-4506-A9B7-F50B8435CB46}
		{C36A5685-EE52-4036-BE82-474C9592B98A} = {E2C5C43E-7112-497C-99CE-23818335A8E9}
		{3F2DC394-DCAB-4AFA-91A3-C6941AAB24B7} = {E2C5C43E-7112-497C-99CE-23818335A8E9}
		{5AA01FBD-F76F-4478-A321-5A07B3FCC4F0} = {E2C5C43E-7112-497C-99CE-23818335A8E9}
		{B392BDFE-D9E4-40B9-AE6B-5B246C0ED467} = {E2C5C43E-7112-497C-99CE-23818335A8E9}
		{4E39750F-E966-46FF-8530-B7BB572E7B92} = {E2C5C43E-7112-497C-99CE-23818335A8E9}
		{366D47DD-720E-46B3-8614-04363D954621} = {E2C5C43E-7112-497C-99CE-23818335A8E9}
		{271F0949-65AC-4B07-8F9C-D5E894C8289E} = {E2C5C43E-7112-497C-99CE-23818335A8E9}
		{F845DA5F-1F4D-496E-9DEF-9570E89394E1} = {E2C5C43E-7112-497C-99CE-23818335A8E9}
		{D5204321-5F57-402F-98E6-A46F41AE7B65} = {F90DB93A-77E0-4506-A9B7-F50B8435CB46}
		{9E11392D-BD8B-4607-BF8E-2938499AFD1C} = {D5204321-5F57-402F-98E6-A46F41AE7B65}
		{92D42296-E680-49A7-BE38-9971837DCAF1} = {D5204321-5F57-402F-98E6-A46F41AE7B65}
		{A68CB057-F5EC-41F2-AEF8-9900123FA60C} = {D5204321-5F57-402F-98E6-A46F41AE7B65}
		{8DB9B396-41E7-484A-8B7F-A3A2A4B60D1F} = {D5204321-5F57-402F-98E6-A46F41AE7B65}
		{E0D8C3B5-511E-409F-B712-BBCDDD73C2FD} = {F90DB93A-77E0-4506-A9B7-F50B8435CB46}
		{4240A3AC-496B-4FB5-8AF1-550C5017BE93} = {F90DB93A-77E0-4506-A9B7-F50B8435CB46}
	EndGlobalSection
	GlobalSection(ExtensibilityGlobals) = postSolution
		SolutionGuid = {6643E1A5-E8E6-4FC6-8125-AD81A88CFAC3}
	EndGlobalSection
EndGlobal
