
Microsoft Visual Studio Solution File, Format Version 12.00
# Visual Studio Version 17
VisualStudioVersion = 17.5.002.0
MinimumVisualStudioVersion = 10.0.40219.1
Project("{9A19103F-16F7-4668-BE54-9A1E7A4F7556}") = "CS04_Selenium_Proxies", "CS04_Selenium_Proxies.csproj", "{182B423A-9B74-4471-9189-EABBC697815F}"
EndProject
Global
	GlobalSection(SolutionConfigurationPlatforms) = preSolution
		Debug|Any CPU = Debug|Any CPU
		Release|Any CPU = Release|Any CPU
	EndGlobalSection
	GlobalSection(ProjectConfigurationPlatforms) = postSolution
		{182B423A-9B74-4471-9189-EABBC697815F}.Debug|Any CPU.ActiveCfg = Debug|Any CPU
		{182B423A-9B74-4471-9189-EABBC697815F}.Debug|Any CPU.Build.0 = Debug|Any CPU
		{182B423A-9B74-4471-9189-EABBC697815F}.Release|Any CPU.ActiveCfg = Release|Any CPU
		{182B423A-9B74-4471-9189-EABBC697815F}.Release|Any CPU.Build.0 = Release|Any CPU
	EndGlobalSection
	GlobalSection(SolutionProperties) = preSolution
		HideSolutionNode = FALSE
	EndGlobalSection
	GlobalSection(ExtensibilityGlobals) = postSolution
		SolutionGuid = {A659A00E-867D-48D9-901B-10EFEC0F26B3}
	EndGlobalSection
EndGlobal
