
Microsoft Visual Studio Solution File, Format Version 12.00
# Visual Studio Version 17
VisualStudioVersion = 17.5.002.0
MinimumVisualStudioVersion = 10.0.40219.1
Project("{9A19103F-16F7-4668-BE54-9A1E7A4F7556}") = "CS06_Flyweight_DesignPatterns", "CS06_Flyweight_DesignPatterns.csproj", "{30276A7B-83BE-4D01-8678-AB3DA594F959}"
EndProject
Global
	GlobalSection(SolutionConfigurationPlatforms) = preSolution
		Debug|Any CPU = Debug|Any CPU
		Release|Any CPU = Release|Any CPU
	EndGlobalSection
	GlobalSection(ProjectConfigurationPlatforms) = postSolution
		{30276A7B-83BE-4D01-8678-AB3DA594F959}.Debug|Any CPU.ActiveCfg = Debug|Any CPU
		{30276A7B-83BE-4D01-8678-AB3DA594F959}.Debug|Any CPU.Build.0 = Debug|Any CPU
		{30276A7B-83BE-4D01-8678-AB3DA594F959}.Release|Any CPU.ActiveCfg = Release|Any CPU
		{30276A7B-83BE-4D01-8678-AB3DA594F959}.Release|Any CPU.Build.0 = Release|Any CPU
	EndGlobalSection
	GlobalSection(SolutionProperties) = preSolution
		HideSolutionNode = FALSE
	EndGlobalSection
	GlobalSection(ExtensibilityGlobals) = postSolution
		SolutionGuid = {EBEDA30E-FBEE-4CE6-A359-D24091B7CD61}
	EndGlobalSection
EndGlobal
