
Microsoft Visual Studio Solution File, Format Version 12.00
# Visual Studio Version 17
VisualStudioVersion = 17.5.002.0
MinimumVisualStudioVersion = 10.0.40219.1
Project("{9A19103F-16F7-4668-BE54-9A1E7A4F7556}") = "CS09_Strategy_DesignPatterns", "CS09_Strategy_DesignPatterns.csproj", "{B1FD452B-2AA6-48E2-9023-09B86C4E2AD1}"
EndProject
Global
	GlobalSection(SolutionConfigurationPlatforms) = preSolution
		Debug|Any CPU = Debug|Any CPU
		Release|Any CPU = Release|Any CPU
	EndGlobalSection
	GlobalSection(ProjectConfigurationPlatforms) = postSolution
		{B1FD452B-2AA6-48E2-9023-09B86C4E2AD1}.Debug|Any CPU.ActiveCfg = Debug|Any CPU
		{B1FD452B-2AA6-48E2-9023-09B86C4E2AD1}.Debug|Any CPU.Build.0 = Debug|Any CPU
		{B1FD452B-2AA6-48E2-9023-09B86C4E2AD1}.Release|Any CPU.ActiveCfg = Release|Any CPU
		{B1FD452B-2AA6-48E2-9023-09B86C4E2AD1}.Release|Any CPU.Build.0 = Release|Any CPU
	EndGlobalSection
	GlobalSection(SolutionProperties) = preSolution
		HideSolutionNode = FALSE
	EndGlobalSection
	GlobalSection(ExtensibilityGlobals) = postSolution
		SolutionGuid = {5CCCDB5C-4D28-400A-A8BA-FC5482E5ABC6}
	EndGlobalSection
EndGlobal
