
Microsoft Visual Studio Solution File, Format Version 12.00
# Visual Studio Version 17
VisualStudioVersion = 17.0.31903.59
MinimumVisualStudioVersion = 10.0.40219.1
Project("{2150E333-8FDC-42A3-9474-1A3956D46DE8}") = "src", "src", "{02EA681E-C7D8-13C7-8484-4AC65E1B71E8}"
EndProject
Project("{2150E333-8FDC-42A3-9474-1A3956D46DE8}") = "Solution item", "Solution item", "{86366815-A409-4C8B-8083-40D773158D84}"
	ProjectSection(SolutionItems) = preProject
		README.md = README.md
	EndProjectSection
EndProject
Project("{2150E333-8FDC-42A3-9474-1A3956D46DE8}") = "Document", "Document", "{6B065D3F-C979-4162-85B6-38C4E9932242}"
EndProject
Project("{2150E333-8FDC-42A3-9474-1A3956D46DE8}") = "User", "User", "{4F4E1512-BC70-46AC-B3D4-8266A261F30B}"
EndProject
Project("{2150E333-8FDC-42A3-9474-1A3956D46DE8}") = "RequestImport", "RequestImport", "{D450DA03-06E3-4B62-BB47-EEC455EC1DD8}"
EndProject
Project("{2150E333-8FDC-42A3-9474-1A3956D46DE8}") = "Orchestrator-Even-Stream", "Orchestrator-Even-Stream", "{72FC7B0E-E419-43F7-BC87-F79CB3D09482}"
EndProject
Project("{2150E333-8FDC-42A3-9474-1A3956D46DE8}") = "test", "test", "{CBD5531C-4356-4C4B-8520-C73B6F5BF72C}"
EndProject
Project("{2150E333-8FDC-42A3-9474-1A3956D46DE8}") = "ApiGetways", "ApiGetways", "{5CE5C9F4-1699-4E3B-ACA4-A8E6AB07676A}"
EndProject
Project("{FAE04EC0-301F-11D3-BF4B-00C04F79EFBC}") = "OcelotApiGetways", "src\ApiGetways\OcelotApiGetways\OcelotApiGetways.csproj", "{8CBE1161-1337-4008-9869-67563C252ECF}"
EndProject
Project("{FAE04EC0-301F-11D3-BF4B-00C04F79EFBC}") = "Document.API", "src\Document\Document.API\Document.API.csproj", "{02C7D01E-7DF5-48B7-AC2C-184BF76E7527}"
EndProject
Project("{FAE04EC0-301F-11D3-BF4B-00C04F79EFBC}") = "Document.Domain", "src\Document\Document.Domain\Document.Domain.csproj", "{8B11D8D5-2AEB-4F5D-813E-434D2E62A106}"
EndProject
Project("{FAE04EC0-301F-11D3-BF4B-00C04F79EFBC}") = "Document.Application", "src\Document\Document.Application\Document.Application.csproj", "{D90EBEAF-0DF5-481B-86C4-4135449BB2D3}"
EndProject
Project("{FAE04EC0-301F-11D3-BF4B-00C04F79EFBC}") = "Document.Infrastructure", "src\Document\Document.Infrastructure\Document.Infrastructure.csproj", "{1E83E37A-E189-48E2-AD77-76209900CACF}"
EndProject
Project("{FAE04EC0-301F-11D3-BF4B-00C04F79EFBC}") = "Document.Persistence", "src\Document\Document.Persistence\Document.Persistence.csproj", "{C6110225-D5BD-4C50-B3F0-C6ABD2D247C0}"
EndProject
Project("{2150E333-8FDC-42A3-9474-1A3956D46DE8}") = "BuildingBlocks", "BuildingBlocks", "{09505FB3-CC0F-4BD9-85BD-68D936EFA001}"
EndProject
Project("{FAE04EC0-301F-11D3-BF4B-00C04F79EFBC}") = "Shared", "src\BuildingBlocks\Shared\Shared\Shared.csproj", "{6599B22F-1B96-4234-8264-20F79C2567F5}"
EndProject
Project("{E53339B2-1760-4266-BCC7-CA923CBCF16C}") = "docker-compose", "docker-compose.dcproj", "{81DDED9D-158B-E303-5F62-77A2896D2A5A}"
EndProject
Global
	GlobalSection(SolutionConfigurationPlatforms) = preSolution
		Debug|Any CPU = Debug|Any CPU
		Release|Any CPU = Release|Any CPU
	EndGlobalSection
	GlobalSection(ProjectConfigurationPlatforms) = postSolution
		{8CBE1161-1337-4008-9869-67563C252ECF}.Debug|Any CPU.ActiveCfg = Debug|Any CPU
		{8CBE1161-1337-4008-9869-67563C252ECF}.Debug|Any CPU.Build.0 = Debug|Any CPU
		{8CBE1161-1337-4008-9869-67563C252ECF}.Release|Any CPU.ActiveCfg = Release|Any CPU
		{8CBE1161-1337-4008-9869-67563C252ECF}.Release|Any CPU.Build.0 = Release|Any CPU
		{02C7D01E-7DF5-48B7-AC2C-184BF76E7527}.Debug|Any CPU.ActiveCfg = Debug|Any CPU
		{02C7D01E-7DF5-48B7-AC2C-184BF76E7527}.Debug|Any CPU.Build.0 = Debug|Any CPU
		{02C7D01E-7DF5-48B7-AC2C-184BF76E7527}.Release|Any CPU.ActiveCfg = Release|Any CPU
		{02C7D01E-7DF5-48B7-AC2C-184BF76E7527}.Release|Any CPU.Build.0 = Release|Any CPU
		{8B11D8D5-2AEB-4F5D-813E-434D2E62A106}.Debug|Any CPU.ActiveCfg = Debug|Any CPU
		{8B11D8D5-2AEB-4F5D-813E-434D2E62A106}.Debug|Any CPU.Build.0 = Debug|Any CPU
		{8B11D8D5-2AEB-4F5D-813E-434D2E62A106}.Release|Any CPU.ActiveCfg = Release|Any CPU
		{8B11D8D5-2AEB-4F5D-813E-434D2E62A106}.Release|Any CPU.Build.0 = Release|Any CPU
		{D90EBEAF-0DF5-481B-86C4-4135449BB2D3}.Debug|Any CPU.ActiveCfg = Debug|Any CPU
		{D90EBEAF-0DF5-481B-86C4-4135449BB2D3}.Debug|Any CPU.Build.0 = Debug|Any CPU
		{D90EBEAF-0DF5-481B-86C4-4135449BB2D3}.Release|Any CPU.ActiveCfg = Release|Any CPU
		{D90EBEAF-0DF5-481B-86C4-4135449BB2D3}.Release|Any CPU.Build.0 = Release|Any CPU
		{1E83E37A-E189-48E2-AD77-76209900CACF}.Debug|Any CPU.ActiveCfg = Debug|Any CPU
		{1E83E37A-E189-48E2-AD77-76209900CACF}.Debug|Any CPU.Build.0 = Debug|Any CPU
		{1E83E37A-E189-48E2-AD77-76209900CACF}.Release|Any CPU.ActiveCfg = Release|Any CPU
		{1E83E37A-E189-48E2-AD77-76209900CACF}.Release|Any CPU.Build.0 = Release|Any CPU
		{C6110225-D5BD-4C50-B3F0-C6ABD2D247C0}.Debug|Any CPU.ActiveCfg = Debug|Any CPU
		{C6110225-D5BD-4C50-B3F0-C6ABD2D247C0}.Debug|Any CPU.Build.0 = Debug|Any CPU
		{C6110225-D5BD-4C50-B3F0-C6ABD2D247C0}.Release|Any CPU.ActiveCfg = Release|Any CPU
		{C6110225-D5BD-4C50-B3F0-C6ABD2D247C0}.Release|Any CPU.Build.0 = Release|Any CPU
		{6599B22F-1B96-4234-8264-20F79C2567F5}.Debug|Any CPU.ActiveCfg = Debug|Any CPU
		{6599B22F-1B96-4234-8264-20F79C2567F5}.Debug|Any CPU.Build.0 = Debug|Any CPU
		{6599B22F-1B96-4234-8264-20F79C2567F5}.Release|Any CPU.ActiveCfg = Release|Any CPU
		{6599B22F-1B96-4234-8264-20F79C2567F5}.Release|Any CPU.Build.0 = Release|Any CPU
		{81DDED9D-158B-E303-5F62-77A2896D2A5A}.Debug|Any CPU.ActiveCfg = Debug|Any CPU
		{81DDED9D-158B-E303-5F62-77A2896D2A5A}.Debug|Any CPU.Build.0 = Debug|Any CPU
		{81DDED9D-158B-E303-5F62-77A2896D2A5A}.Release|Any CPU.ActiveCfg = Release|Any CPU
		{81DDED9D-158B-E303-5F62-77A2896D2A5A}.Release|Any CPU.Build.0 = Release|Any CPU
	EndGlobalSection
	GlobalSection(SolutionProperties) = preSolution
		HideSolutionNode = FALSE
	EndGlobalSection
	GlobalSection(NestedProjects) = preSolution
		{6B065D3F-C979-4162-85B6-38C4E9932242} = {02EA681E-C7D8-13C7-8484-4AC65E1B71E8}
		{4F4E1512-BC70-46AC-B3D4-8266A261F30B} = {02EA681E-C7D8-13C7-8484-4AC65E1B71E8}
		{D450DA03-06E3-4B62-BB47-EEC455EC1DD8} = {02EA681E-C7D8-13C7-8484-4AC65E1B71E8}
		{72FC7B0E-E419-43F7-BC87-F79CB3D09482} = {02EA681E-C7D8-13C7-8484-4AC65E1B71E8}
		{5CE5C9F4-1699-4E3B-ACA4-A8E6AB07676A} = {02EA681E-C7D8-13C7-8484-4AC65E1B71E8}
		{8CBE1161-1337-4008-9869-67563C252ECF} = {5CE5C9F4-1699-4E3B-ACA4-A8E6AB07676A}
		{02C7D01E-7DF5-48B7-AC2C-184BF76E7527} = {6B065D3F-C979-4162-85B6-38C4E9932242}
		{8B11D8D5-2AEB-4F5D-813E-434D2E62A106} = {6B065D3F-C979-4162-85B6-38C4E9932242}
		{D90EBEAF-0DF5-481B-86C4-4135449BB2D3} = {6B065D3F-C979-4162-85B6-38C4E9932242}
		{1E83E37A-E189-48E2-AD77-76209900CACF} = {6B065D3F-C979-4162-85B6-38C4E9932242}
		{C6110225-D5BD-4C50-B3F0-C6ABD2D247C0} = {6B065D3F-C979-4162-85B6-38C4E9932242}
		{6599B22F-1B96-4234-8264-20F79C2567F5} = {09505FB3-CC0F-4BD9-85BD-68D936EFA001}
	EndGlobalSection
	GlobalSection(ExtensibilityGlobals) = postSolution
		SolutionGuid = {58E77D39-EC9A-41BC-99EE-0E1DBEF44E40}
	EndGlobalSection
EndGlobal
