
Microsoft Visual Studio Solution File, Format Version 12.00
# Visual Studio Version 17
VisualStudioVersion = 17.0.31903.59
MinimumVisualStudioVersion = 10.0.40219.1
Project("{2150E333-8FDC-42A3-9474-1A3956D46DE8}") = "src", "src", "{90E54CA3-8D24-42B3-9362-2D652B49050D}"
EndProject
Project("{9A19103F-16F7-4668-BE54-9A1E7A4F7556}") = "CQRS.API", "src\CQRS.API\CQRS.API.csproj", "{CCFBED72-B7D8-491C-A1A1-401A94A171B3}"
EndProject
Project("{2150E333-8FDC-42A3-9474-1A3956D46DE8}") = "Solution Items", "Solution Items", "{A13CBF3B-95D1-4126-A412-A6CE805D3FD8}"
	ProjectSection(SolutionItems) = preProject
		README.md = README.md
	EndProjectSection
EndProject
Project("{9A19103F-16F7-4668-BE54-9A1E7A4F7556}") = "CQRS.Application", "src\CQRS.Application\CQRS.Application.csproj", "{FCB53590-67FE-4236-B1E8-C28193B4B383}"
EndProject
Project("{FAE04EC0-301F-11D3-BF4B-00C04F79EFBC}") = "CQRS.Domain", "src\CQRS.Domain\CQRS.Domain.csproj", "{29843209-5E42-42B2-8531-04C199FEF0F2}"
EndProject
Project("{FAE04EC0-301F-11D3-BF4B-00C04F79EFBC}") = "CQRS.Infrastructure", "src\CQRS.Infrastructure\CQRS.Infrastructure.csproj", "{564BC8BA-6B2E-4D30-8A4C-EE31687C3B0C}"
EndProject
Project("{2150E333-8FDC-42A3-9474-1A3956D46DE8}") = "test", "test", "{C22BE54A-06DB-4B24-91B0-368D4D839EDD}"
EndProject
Project("{FAE04EC0-301F-11D3-BF4B-00C04F79EFBC}") = "CQRS.Infrastructure.Mongo", "src\CQRS.Infrastructure.Mongo\CQRS.Infrastructure.Mongo.csproj", "{B441CA1D-DEFE-4582-8346-0DE3A2C5A666}"
EndProject
Project("{FAE04EC0-301F-11D3-BF4B-00C04F79EFBC}") = "CQRS.Contract", "src\CQRS.Contract\CQRS.Contract.csproj", "{7B595AD8-1973-47CA-BE4C-3C54DD837632}"
EndProject
Project("{FAE04EC0-301F-11D3-BF4B-00C04F79EFBC}") = "CQRS.Persistence", "src\CQRS.Persistence\CQRS.Persistence.csproj", "{9B2CBAB8-7936-4395-9F7D-603B060DD473}"
EndProject
Project("{FAE04EC0-301F-11D3-BF4B-00C04F79EFBC}") = "CQRS.Infrastructure.MessageBus", "src\CQRS.Infrastructure.MessageBus\CQRS.Infrastructure.MessageBus.csproj", "{407A4DF7-FFA0-4B68-B63F-9C41A7E26519}"
EndProject
Global
	GlobalSection(SolutionConfigurationPlatforms) = preSolution
		Debug|Any CPU = Debug|Any CPU
		Release|Any CPU = Release|Any CPU
	EndGlobalSection
	GlobalSection(ProjectConfigurationPlatforms) = postSolution
		{CCFBED72-B7D8-491C-A1A1-401A94A171B3}.Debug|Any CPU.ActiveCfg = Debug|Any CPU
		{CCFBED72-B7D8-491C-A1A1-401A94A171B3}.Debug|Any CPU.Build.0 = Debug|Any CPU
		{CCFBED72-B7D8-491C-A1A1-401A94A171B3}.Release|Any CPU.ActiveCfg = Release|Any CPU
		{CCFBED72-B7D8-491C-A1A1-401A94A171B3}.Release|Any CPU.Build.0 = Release|Any CPU
		{FCB53590-67FE-4236-B1E8-C28193B4B383}.Debug|Any CPU.ActiveCfg = Debug|Any CPU
		{FCB53590-67FE-4236-B1E8-C28193B4B383}.Debug|Any CPU.Build.0 = Debug|Any CPU
		{FCB53590-67FE-4236-B1E8-C28193B4B383}.Release|Any CPU.ActiveCfg = Release|Any CPU
		{FCB53590-67FE-4236-B1E8-C28193B4B383}.Release|Any CPU.Build.0 = Release|Any CPU
		{29843209-5E42-42B2-8531-04C199FEF0F2}.Debug|Any CPU.ActiveCfg = Debug|Any CPU
		{29843209-5E42-42B2-8531-04C199FEF0F2}.Debug|Any CPU.Build.0 = Debug|Any CPU
		{29843209-5E42-42B2-8531-04C199FEF0F2}.Release|Any CPU.ActiveCfg = Release|Any CPU
		{29843209-5E42-42B2-8531-04C199FEF0F2}.Release|Any CPU.Build.0 = Release|Any CPU
		{564BC8BA-6B2E-4D30-8A4C-EE31687C3B0C}.Debug|Any CPU.ActiveCfg = Debug|Any CPU
		{564BC8BA-6B2E-4D30-8A4C-EE31687C3B0C}.Debug|Any CPU.Build.0 = Debug|Any CPU
		{564BC8BA-6B2E-4D30-8A4C-EE31687C3B0C}.Release|Any CPU.ActiveCfg = Release|Any CPU
		{564BC8BA-6B2E-4D30-8A4C-EE31687C3B0C}.Release|Any CPU.Build.0 = Release|Any CPU
		{B441CA1D-DEFE-4582-8346-0DE3A2C5A666}.Debug|Any CPU.ActiveCfg = Debug|Any CPU
		{B441CA1D-DEFE-4582-8346-0DE3A2C5A666}.Debug|Any CPU.Build.0 = Debug|Any CPU
		{B441CA1D-DEFE-4582-8346-0DE3A2C5A666}.Release|Any CPU.ActiveCfg = Release|Any CPU
		{B441CA1D-DEFE-4582-8346-0DE3A2C5A666}.Release|Any CPU.Build.0 = Release|Any CPU
		{7B595AD8-1973-47CA-BE4C-3C54DD837632}.Debug|Any CPU.ActiveCfg = Debug|Any CPU
		{7B595AD8-1973-47CA-BE4C-3C54DD837632}.Debug|Any CPU.Build.0 = Debug|Any CPU
		{7B595AD8-1973-47CA-BE4C-3C54DD837632}.Release|Any CPU.ActiveCfg = Release|Any CPU
		{7B595AD8-1973-47CA-BE4C-3C54DD837632}.Release|Any CPU.Build.0 = Release|Any CPU
		{9B2CBAB8-7936-4395-9F7D-603B060DD473}.Debug|Any CPU.ActiveCfg = Debug|Any CPU
		{9B2CBAB8-7936-4395-9F7D-603B060DD473}.Debug|Any CPU.Build.0 = Debug|Any CPU
		{9B2CBAB8-7936-4395-9F7D-603B060DD473}.Release|Any CPU.ActiveCfg = Release|Any CPU
		{9B2CBAB8-7936-4395-9F7D-603B060DD473}.Release|Any CPU.Build.0 = Release|Any CPU
		{407A4DF7-FFA0-4B68-B63F-9C41A7E26519}.Debug|Any CPU.ActiveCfg = Debug|Any CPU
		{407A4DF7-FFA0-4B68-B63F-9C41A7E26519}.Debug|Any CPU.Build.0 = Debug|Any CPU
		{407A4DF7-FFA0-4B68-B63F-9C41A7E26519}.Release|Any CPU.ActiveCfg = Release|Any CPU
		{407A4DF7-FFA0-4B68-B63F-9C41A7E26519}.Release|Any CPU.Build.0 = Release|Any CPU
	EndGlobalSection
	GlobalSection(SolutionProperties) = preSolution
		HideSolutionNode = FALSE
	EndGlobalSection
	GlobalSection(NestedProjects) = preSolution
		{CCFBED72-B7D8-491C-A1A1-401A94A171B3} = {90E54CA3-8D24-42B3-9362-2D652B49050D}
		{FCB53590-67FE-4236-B1E8-C28193B4B383} = {90E54CA3-8D24-42B3-9362-2D652B49050D}
		{29843209-5E42-42B2-8531-04C199FEF0F2} = {90E54CA3-8D24-42B3-9362-2D652B49050D}
		{564BC8BA-6B2E-4D30-8A4C-EE31687C3B0C} = {90E54CA3-8D24-42B3-9362-2D652B49050D}
		{B441CA1D-DEFE-4582-8346-0DE3A2C5A666} = {90E54CA3-8D24-42B3-9362-2D652B49050D}
		{7B595AD8-1973-47CA-BE4C-3C54DD837632} = {90E54CA3-8D24-42B3-9362-2D652B49050D}
		{9B2CBAB8-7936-4395-9F7D-603B060DD473} = {90E54CA3-8D24-42B3-9362-2D652B49050D}
		{407A4DF7-FFA0-4B68-B63F-9C41A7E26519} = {90E54CA3-8D24-42B3-9362-2D652B49050D}
	EndGlobalSection
	GlobalSection(ExtensibilityGlobals) = postSolution
		SolutionGuid = {0D580EDA-F4D3-4448-9008-E8DCA7C6C7A1}
	EndGlobalSection
EndGlobal
