
Microsoft Visual Studio Solution File, Format Version 12.00
# Visual Studio Version 17
VisualStudioVersion = 17.5.002.0
MinimumVisualStudioVersion = 10.0.40219.1
Project("{2150E333-8FDC-42A3-9474-1A3956D46DE8}") = "srcs", "srcs", "{D4109234-2186-4BEC-97A1-36EB571B7423}"
EndProject
Project("{9A19103F-16F7-4668-BE54-9A1E7A4F7556}") = "Worker.Application", "srcs\Worker.Application\Worker.Application.csproj", "{13BF5C29-1AD2-4034-9253-04FD65B3291E}"
EndProject
Project("{9A19103F-16F7-4668-BE54-9A1E7A4F7556}") = "Worker.Contract", "srcs\Worker.Contract\Worker.Contract.csproj", "{FBFBC788-51CE-44B5-A2C1-16A8EBEF91D1}"
EndProject
Project("{9A19103F-16F7-4668-BE54-9A1E7A4F7556}") = "Worker.Domain", "srcs\Worker.Domain\Worker.Domain.csproj", "{7C7F65C9-0780-406C-90CB-0E2DA82F3AF4}"
EndProject
Project("{9A19103F-16F7-4668-BE54-9A1E7A4F7556}") = "Worker.Infrastructure", "srcs\Worker.Infrastructure\Worker.Infrastructure.csproj", "{71A82D62-677A-45E8-A6F4-9B1A5ECC3975}"
EndProject
Project("{9A19103F-16F7-4668-BE54-9A1E7A4F7556}") = "Worker.Persistence", "srcs\Worker.Persistence\Worker.Persistence.csproj", "{E22E3032-52F8-43DE-ACE6-55EDA8280FBA}"
EndProject
Project("{9A19103F-16F7-4668-BE54-9A1E7A4F7556}") = "Worker.WorkerService", "srcs\Worker.WorkerService\Worker.WorkerService.csproj", "{517DBD36-18E8-4AB7-AA4A-327E10807774}"
EndProject
Global
	GlobalSection(SolutionConfigurationPlatforms) = preSolution
		Debug|Any CPU = Debug|Any CPU
		Release|Any CPU = Release|Any CPU
	EndGlobalSection
	GlobalSection(ProjectConfigurationPlatforms) = postSolution
		{13BF5C29-1AD2-4034-9253-04FD65B3291E}.Debug|Any CPU.ActiveCfg = Debug|Any CPU
		{13BF5C29-1AD2-4034-9253-04FD65B3291E}.Debug|Any CPU.Build.0 = Debug|Any CPU
		{13BF5C29-1AD2-4034-9253-04FD65B3291E}.Release|Any CPU.ActiveCfg = Release|Any CPU
		{13BF5C29-1AD2-4034-9253-04FD65B3291E}.Release|Any CPU.Build.0 = Release|Any CPU
		{FBFBC788-51CE-44B5-A2C1-16A8EBEF91D1}.Debug|Any CPU.ActiveCfg = Debug|Any CPU
		{FBFBC788-51CE-44B5-A2C1-16A8EBEF91D1}.Debug|Any CPU.Build.0 = Debug|Any CPU
		{FBFBC788-51CE-44B5-A2C1-16A8EBEF91D1}.Release|Any CPU.ActiveCfg = Release|Any CPU
		{FBFBC788-51CE-44B5-A2C1-16A8EBEF91D1}.Release|Any CPU.Build.0 = Release|Any CPU
		{7C7F65C9-0780-406C-90CB-0E2DA82F3AF4}.Debug|Any CPU.ActiveCfg = Debug|Any CPU
		{7C7F65C9-0780-406C-90CB-0E2DA82F3AF4}.Debug|Any CPU.Build.0 = Debug|Any CPU
		{7C7F65C9-0780-406C-90CB-0E2DA82F3AF4}.Release|Any CPU.ActiveCfg = Release|Any CPU
		{7C7F65C9-0780-406C-90CB-0E2DA82F3AF4}.Release|Any CPU.Build.0 = Release|Any CPU
		{71A82D62-677A-45E8-A6F4-9B1A5ECC3975}.Debug|Any CPU.ActiveCfg = Debug|Any CPU
		{71A82D62-677A-45E8-A6F4-9B1A5ECC3975}.Debug|Any CPU.Build.0 = Debug|Any CPU
		{71A82D62-677A-45E8-A6F4-9B1A5ECC3975}.Release|Any CPU.ActiveCfg = Release|Any CPU
		{71A82D62-677A-45E8-A6F4-9B1A5ECC3975}.Release|Any CPU.Build.0 = Release|Any CPU
		{E22E3032-52F8-43DE-ACE6-55EDA8280FBA}.Debug|Any CPU.ActiveCfg = Debug|Any CPU
		{E22E3032-52F8-43DE-ACE6-55EDA8280FBA}.Debug|Any CPU.Build.0 = Debug|Any CPU
		{E22E3032-52F8-43DE-ACE6-55EDA8280FBA}.Release|Any CPU.ActiveCfg = Release|Any CPU
		{E22E3032-52F8-43DE-ACE6-55EDA8280FBA}.Release|Any CPU.Build.0 = Release|Any CPU
		{517DBD36-18E8-4AB7-AA4A-327E10807774}.Debug|Any CPU.ActiveCfg = Debug|Any CPU
		{517DBD36-18E8-4AB7-AA4A-327E10807774}.Debug|Any CPU.Build.0 = Debug|Any CPU
		{517DBD36-18E8-4AB7-AA4A-327E10807774}.Release|Any CPU.ActiveCfg = Release|Any CPU
		{517DBD36-18E8-4AB7-AA4A-327E10807774}.Release|Any CPU.Build.0 = Release|Any CPU
	EndGlobalSection
	GlobalSection(SolutionProperties) = preSolution
		HideSolutionNode = FALSE
	EndGlobalSection
	GlobalSection(NestedProjects) = preSolution
		{13BF5C29-1AD2-4034-9253-04FD65B3291E} = {D4109234-2186-4BEC-97A1-36EB571B7423}
		{FBFBC788-51CE-44B5-A2C1-16A8EBEF91D1} = {D4109234-2186-4BEC-97A1-36EB571B7423}
		{7C7F65C9-0780-406C-90CB-0E2DA82F3AF4} = {D4109234-2186-4BEC-97A1-36EB571B7423}
		{71A82D62-677A-45E8-A6F4-9B1A5ECC3975} = {D4109234-2186-4BEC-97A1-36EB571B7423}
		{E22E3032-52F8-43DE-ACE6-55EDA8280FBA} = {D4109234-2186-4BEC-97A1-36EB571B7423}
		{517DBD36-18E8-4AB7-AA4A-327E10807774} = {D4109234-2186-4BEC-97A1-36EB571B7423}
	EndGlobalSection
	GlobalSection(ExtensibilityGlobals) = postSolution
		SolutionGuid = {26CB99D1-D4A1-4F03-AD48-ED99B4139A17}
	EndGlobalSection
EndGlobal
