
Microsoft Visual Studio Solution File, Format Version 12.00
# Visual Studio Version 17
VisualStudioVersion = 17.5.002.0
MinimumVisualStudioVersion = 10.0.40219.1
Project("{9A19103F-16F7-4668-BE54-9A1E7A4F7556}") = "CS034_Duplicate_In_Array", "CS034_Duplicate_In_Array.csproj", "{6D1FDB19-5B1B-415E-9BA5-2B75F896F512}"
EndProject
Global
	GlobalSection(SolutionConfigurationPlatforms) = preSolution
		Debug|Any CPU = Debug|Any CPU
		Release|Any CPU = Release|Any CPU
	EndGlobalSection
	GlobalSection(ProjectConfigurationPlatforms) = postSolution
		{6D1FDB19-5B1B-415E-9BA5-2B75F896F512}.Debug|Any CPU.ActiveCfg = Debug|Any CPU
		{6D1FDB19-5B1B-415E-9BA5-2B75F896F512}.Debug|Any CPU.Build.0 = Debug|Any CPU
		{6D1FDB19-5B1B-415E-9BA5-2B75F896F512}.Release|Any CPU.ActiveCfg = Release|Any CPU
		{6D1FDB19-5B1B-415E-9BA5-2B75F896F512}.Release|Any CPU.Build.0 = Release|Any CPU
	EndGlobalSection
	GlobalSection(SolutionProperties) = preSolution
		HideSolutionNode = FALSE
	EndGlobalSection
	GlobalSection(ExtensibilityGlobals) = postSolution
		SolutionGuid = {516099E9-4C5B-4C8E-BB59-4E95D8C5AFBB}
	EndGlobalSection
EndGlobal
