
Microsoft Visual Studio Solution File, Format Version 12.00
# Visual Studio Version 17
VisualStudioVersion = 17.0.31903.59
MinimumVisualStudioVersion = 10.0.40219.1
Project("{FAE04EC0-301F-11D3-BF4B-00C04F79EFBC}") = "C001_HelloWorld", "C001_HelloWorld\C001_HelloWorld.csproj", "{5DB7173F-09D1-4C37-99BA-3EC4E4900AAB}"
EndProject
Project("{FAE04EC0-301F-11D3-BF4B-00C04F79EFBC}") = "C002_VariablesConstantsIO", "C002_VariablesConstantsIO\C002_VariablesConstantsIO.csproj", "{31090591-DB57-4019-8F6C-3A152B511B7A}"
EndProject
Project("{FAE04EC0-301F-11D3-BF4B-00C04F79EFBC}") = "C003_ArithmeticAssignment", "C003_ArithmeticAssignment\C003_ArithmeticAssignment.csproj", "{F5DC3777-AF3B-430D-B76E-44D9AB9C3FA0}"
EndProject
Project("{FAE04EC0-301F-11D3-BF4B-00C04F79EFBC}") = "C004_Logical_if_switch", "C004_Logical_if_switch\C004_Logical_if_switch.csproj", "{11FD4C6F-B941-4F7B-9364-4A53DB0FDAF8}"
EndProject
Project("{FAE04EC0-301F-11D3-BF4B-00C04F79EFBC}") = "C005_for_while", "C005_for_while\C005_for_while.csproj", "{9C08840C-D6A0-4763-A4FF-860FC7199DA5}"
EndProject
Project("{FAE04EC0-301F-11D3-BF4B-00C04F79EFBC}") = "C006_Method", "C006_Method\C006_Method.csproj", "{C4301A15-FEB9-49EF-8F2F-E4EE016AFC85}"
EndProject
Project("{FAE04EC0-301F-11D3-BF4B-00C04F79EFBC}") = "C007_Class", "C007_Class\C007_Class.csproj", "{4CE88F25-10EA-4501-A457-572F7EFC43E2}"
EndProject
Project("{FAE04EC0-301F-11D3-BF4B-00C04F79EFBC}") = "CS007A-REF-VALUE", "CS007A-REF-VALUE\CS007A-REF-VALUE.csproj", "{3137039E-9BE0-42B3-8553-EC2B230234BB}"
EndProject
Project("{FAE04EC0-301F-11D3-BF4B-00C04F79EFBC}") = "CS007B_PARTIAL", "CS007B_PARTIAL\CS007B_PARTIAL.csproj", "{F2FB09A4-B6FE-4CAA-91DF-F29F36736DEA}"
EndProject
Project("{FAE04EC0-301F-11D3-BF4B-00C04F79EFBC}") = "CS008_Anonymous", "CS008_Anonymous\CS008_Anonymous.csproj", "{2A639F3B-FBF9-433A-8E22-6AB0E3820014}"
EndProject
Project("{FAE04EC0-301F-11D3-BF4B-00C04F79EFBC}") = "CS008_AnonymouType_Dynamic", "CS008_AnonymouType_Dynamic\CS008_AnonymouType_Dynamic.csproj", "{1BBD4F50-3DA7-4C2E-9A4E-35D2B00ACD89}"
EndProject
Project("{FAE04EC0-301F-11D3-BF4B-00C04F79EFBC}") = "CS009_Anonymous_lambda", "CS009_Anonymous_lambda\CS009_Anonymous_lambda.csproj", "{5BFB72E8-33B6-42DB-B60C-EA42C89B8D93}"
EndProject
Project("{FAE04EC0-301F-11D3-BF4B-00C04F79EFBC}") = "CS009_Event", "CS009_Event\CS009_Event.csproj", "{7EF53705-FAB2-4CAE-B918-5B3943245DEA}"
EndProject
Project("{FAE04EC0-301F-11D3-BF4B-00C04F79EFBC}") = "CS010_Constructors", "CS010_Constructors\CS010_Constructors.csproj", "{830025D8-6256-45AE-AC09-6DF87B44D192}"
EndProject
Project("{FAE04EC0-301F-11D3-BF4B-00C04F79EFBC}") = "CS011_ClassAdvanced", "CS011_ClassAdvanced\CS011_ClassAdvanced.csproj", "{71F2FA42-3148-41E8-978D-2AF18C68D1D5}"
EndProject
Project("{FAE04EC0-301F-11D3-BF4B-00C04F79EFBC}") = "CS012_Array", "CS012_Array\CS012_Array.csproj", "{684F722B-FB4B-42A6-B733-C8081E0851B8}"
EndProject
Project("{FAE04EC0-301F-11D3-BF4B-00C04F79EFBC}") = "CS012_String", "CS012_String\CS012_String.csproj", "{0D7B241A-3FA0-4C21-B08D-8EC8680117C1}"
EndProject
Project("{FAE04EC0-301F-11D3-BF4B-00C04F79EFBC}") = "CS013_Inheritance", "CS013_Inheritance\CS013_Inheritance.csproj", "{28C03D7A-BA14-486A-83C0-9B17C3D329B4}"
EndProject
Project("{FAE04EC0-301F-11D3-BF4B-00C04F79EFBC}") = "CS014_struct_enum", "CS014_struct_enum\CS014_struct_enum.csproj", "{BBD72D43-0B2E-48EC-B5D1-4DB9E2D8286A}"
EndProject
Project("{FAE04EC0-301F-11D3-BF4B-00C04F79EFBC}") = "CS015_Error_Exception", "CS015_Error_Exception\CS015_Error_Exception.csproj", "{21673EA8-E23B-475A-A3DC-3AF3EFCD82D7}"
EndProject
Project("{FAE04EC0-301F-11D3-BF4B-00C04F79EFBC}") = "CS016_FilesDirectories", "CS016_FilesDirectories\CS016_FilesDirectories.csproj", "{22D55CBC-2E9A-4FFD-AEEB-1A8066F86544}"
EndProject
Project("{FAE04EC0-301F-11D3-BF4B-00C04F79EFBC}") = "CS016_Stream_FileStream", "CS016_Stream_FileStream\CS016_Stream_FileStream.csproj", "{701D3EB4-CD4B-4E7B-A7A1-D097F0C0288E}"
EndProject
Project("{FAE04EC0-301F-11D3-BF4B-00C04F79EFBC}") = "CS017_GenericCollect", "CS017_GenericCollect\CS017_GenericCollect.csproj", "{C162BADC-E9ED-4C14-A9DE-D6DF327B35DF}"
EndProject
Project("{FAE04EC0-301F-11D3-BF4B-00C04F79EFBC}") = "CS018_LINQ", "CS018_LINQ\CS018_LINQ.csproj", "{43167A13-69AD-4051-9F03-D4A9545AE438}"
EndProject
Project("{2150E333-8FDC-42A3-9474-1A3956D46DE8}") = "CS019_ObserableCollection", "CS019_ObserableCollection", "{F38C0233-EA70-96F1-08F7-53034EC70A96}"
EndProject
Project("{FAE04EC0-301F-11D3-BF4B-00C04F79EFBC}") = "CS19-ObserableCollection", "CS019_ObserableCollection\CS19-ObserableCollection.csproj", "{635B4AF3-B4E7-4FDC-9EF3-08E8B87804FA}"
EndProject
Project("{FAE04EC0-301F-11D3-BF4B-00C04F79EFBC}") = "CS020_ExtensionMethod", "CS020_ExtensionMethod\CS020_ExtensionMethod.csproj", "{69E7C6CD-12BD-454A-8B24-2C583A53EC95}"
EndProject
Project("{FAE04EC0-301F-11D3-BF4B-00C04F79EFBC}") = "CS021_ASYNCHRONOUS", "CS021_ASYNCHRONOUS\CS021_ASYNCHRONOUS.csproj", "{4F7CE632-997F-4A81-BF7B-E6938598A0AF}"
EndProject
Project("{FAE04EC0-301F-11D3-BF4B-00C04F79EFBC}") = "struct_and_enum", "CS022_struct_and_enum\struct_and_enum.csproj", "{8DC21042-92CE-4B6D-ADB7-5FCA353DF381}"
EndProject
Project("{FAE04EC0-301F-11D3-BF4B-00C04F79EFBC}") = "CS023_Dispose", "CS023_Dispose\CS023_Dispose.csproj", "{E088C226-95FC-46B9-8088-144E2FC72344}"
EndProject
Project("{FAE04EC0-301F-11D3-BF4B-00C04F79EFBC}") = "CS024_SomeCollections", "CS024_SomeCollections\CS024_SomeCollections.csproj", "{E76FBCF5-AF21-4E87-AF50-86C6CFBBD65E}"
EndProject
Project("{FAE04EC0-301F-11D3-BF4B-00C04F79EFBC}") = "CS025_Type", "CS025_Type\CS025_Type.csproj", "{73984644-FA51-4593-B282-12032D6B34B7}"
EndProject
Project("{FAE04EC0-301F-11D3-BF4B-00C04F79EFBC}") = "CS026_Attribute", "CS026_Attribute\CS026_Attribute.csproj", "{8F4792BA-64EC-4554-AB86-5BE1A93DF51F}"
EndProject
Project("{FAE04EC0-301F-11D3-BF4B-00C04F79EFBC}") = "car_horn_di_interface", "CS027_Dependencyinjection\car_horn_di_interface\car_horn_di_interface.csproj", "{B8E076B5-6D6C-411C-85AF-976D18AF2125}"
EndProject
Project("{FAE04EC0-301F-11D3-BF4B-00C04F79EFBC}") = "car_horn_nodi", "CS027_Dependencyinjection\car_horn_nodi\car_horn_nodi.csproj", "{9DDA2A08-D671-4887-A7A3-6428B31EF07D}"
EndProject
Project("{FAE04EC0-301F-11D3-BF4B-00C04F79EFBC}") = "car-horn-nodi", "CS027_Dependencyinjection\car_horn_nodi_update\car-horn-nodi.csproj", "{E994B8A3-7BE0-4A1E-A641-1F42E7809577}"
EndProject
Project("{FAE04EC0-301F-11D3-BF4B-00C04F79EFBC}") = "car_horn_with_di", "CS027_Dependencyinjection\car_horn_with_di\car_horn_with_di.csproj", "{E4308A30-336B-4948-BCAE-D131DE5B5493}"
EndProject
Project("{FAE04EC0-301F-11D3-BF4B-00C04F79EFBC}") = "car_horn_with_di_update", "CS027_Dependencyinjection\car_horn_with_di_update\car_horn_with_di_update.csproj", "{DBA91C65-5369-4B38-8992-8BC203868918}"
EndProject
Project("{FAE04EC0-301F-11D3-BF4B-00C04F79EFBC}") = "di", "CS027_Dependencyinjection\di\di.csproj", "{B74D2407-BEF3-4C25-B8A3-03710AA2066D}"
EndProject
Project("{FAE04EC0-301F-11D3-BF4B-00C04F79EFBC}") = "di_fileconfig", "CS027_Dependencyinjection\di_fileconfig\di_fileconfig.csproj", "{249A1E7D-B1DC-430E-BF6B-1A74115169C8}"
EndProject
Project("{FAE04EC0-301F-11D3-BF4B-00C04F79EFBC}") = "di_options", "CS027_Dependencyinjection\di_options\di_options.csproj", "{F896EDD0-7025-4C63-814A-5C239B1BE0AD}"
EndProject
Project("{FAE04EC0-301F-11D3-BF4B-00C04F79EFBC}") = "For", "CS028_Parallel\For\For.csproj", "{C5D444F4-EE36-42A8-8238-F2EF4222B7B6}"
EndProject
Project("{FAE04EC0-301F-11D3-BF4B-00C04F79EFBC}") = "ForAsync", "CS028_Parallel\ForAsync\ForAsync.csproj", "{C27AF101-BA35-45AA-8521-4616D830B3E0}"
EndProject
Project("{FAE04EC0-301F-11D3-BF4B-00C04F79EFBC}") = "ForEach", "CS028_Parallel\ForEach\ForEach.csproj", "{F1A8FA7D-B1AC-48E5-B894-279458EBA0B5}"
EndProject
Project("{FAE04EC0-301F-11D3-BF4B-00C04F79EFBC}") = "Invoke", "CS028_Parallel\Invoke\Invoke.csproj", "{D7A7D192-962D-45C1-8DC6-E40D01CDF204}"
EndProject
Project("{FAE04EC0-301F-11D3-BF4B-00C04F79EFBC}") = "HttpClientExample", "CS029_Networking\1.HttpClientExample\HttpClientExample.csproj", "{60653C4E-C9AA-4CE5-A5E1-6E4F103DBD82}"
EndProject
Project("{FAE04EC0-301F-11D3-BF4B-00C04F79EFBC}") = "CS030_SendMail", "CS030_SendMail\CS030_SendMail.csproj", "{97D88606-B701-4B56-ADEF-1159C2C6E15B}"
EndProject
Project("{FAE04EC0-301F-11D3-BF4B-00C04F79EFBC}") = "CS031_SemaphoreSlim", "CS031_SemaphoreSlim\CS031_SemaphoreSlim.csproj", "{DA1728CD-68B6-4531-8BFD-D9E7A2B67BE8}"
EndProject
Project("{FAE04EC0-301F-11D3-BF4B-00C04F79EFBC}") = "CS32_Directory", "CS032_Directory\CS32_Directory.csproj", "{B0FF6DE2-A8FC-4935-A842-57574EC3ABDA}"
EndProject
Project("{FAE04EC0-301F-11D3-BF4B-00C04F79EFBC}") = "CS033_ExcelFile", "CS033_ExcelFile\CS033_ExcelFile.csproj", "{073EFFCE-7291-425F-95A6-080822F8B7A9}"
EndProject
Project("{FAE04EC0-301F-11D3-BF4B-00C04F79EFBC}") = "CS034_Duplicate_In_Array", "CS034_Duplicate_In_Array\CS034_Duplicate_In_Array.csproj", "{DFA412EC-FFB0-4759-A244-735D91A9E511}"
EndProject
Global
	GlobalSection(SolutionConfigurationPlatforms) = preSolution
		Debug|Any CPU = Debug|Any CPU
		Debug|x64 = Debug|x64
		Debug|x86 = Debug|x86
		Release|Any CPU = Release|Any CPU
		Release|x64 = Release|x64
		Release|x86 = Release|x86
	EndGlobalSection
	GlobalSection(ProjectConfigurationPlatforms) = postSolution
		{5DB7173F-09D1-4C37-99BA-3EC4E4900AAB}.Debug|Any CPU.ActiveCfg = Debug|Any CPU
		{5DB7173F-09D1-4C37-99BA-3EC4E4900AAB}.Debug|Any CPU.Build.0 = Debug|Any CPU
		{5DB7173F-09D1-4C37-99BA-3EC4E4900AAB}.Debug|x64.ActiveCfg = Debug|Any CPU
		{5DB7173F-09D1-4C37-99BA-3EC4E4900AAB}.Debug|x64.Build.0 = Debug|Any CPU
		{5DB7173F-09D1-4C37-99BA-3EC4E4900AAB}.Debug|x86.ActiveCfg = Debug|Any CPU
		{5DB7173F-09D1-4C37-99BA-3EC4E4900AAB}.Debug|x86.Build.0 = Debug|Any CPU
		{5DB7173F-09D1-4C37-99BA-3EC4E4900AAB}.Release|Any CPU.ActiveCfg = Release|Any CPU
		{5DB7173F-09D1-4C37-99BA-3EC4E4900AAB}.Release|Any CPU.Build.0 = Release|Any CPU
		{5DB7173F-09D1-4C37-99BA-3EC4E4900AAB}.Release|x64.ActiveCfg = Release|Any CPU
		{5DB7173F-09D1-4C37-99BA-3EC4E4900AAB}.Release|x64.Build.0 = Release|Any CPU
		{5DB7173F-09D1-4C37-99BA-3EC4E4900AAB}.Release|x86.ActiveCfg = Release|Any CPU
		{5DB7173F-09D1-4C37-99BA-3EC4E4900AAB}.Release|x86.Build.0 = Release|Any CPU
		{31090591-DB57-4019-8F6C-3A152B511B7A}.Debug|Any CPU.ActiveCfg = Debug|Any CPU
		{31090591-DB57-4019-8F6C-3A152B511B7A}.Debug|Any CPU.Build.0 = Debug|Any CPU
		{31090591-DB57-4019-8F6C-3A152B511B7A}.Debug|x64.ActiveCfg = Debug|Any CPU
		{31090591-DB57-4019-8F6C-3A152B511B7A}.Debug|x64.Build.0 = Debug|Any CPU
		{31090591-DB57-4019-8F6C-3A152B511B7A}.Debug|x86.ActiveCfg = Debug|Any CPU
		{31090591-DB57-4019-8F6C-3A152B511B7A}.Debug|x86.Build.0 = Debug|Any CPU
		{31090591-DB57-4019-8F6C-3A152B511B7A}.Release|Any CPU.ActiveCfg = Release|Any CPU
		{31090591-DB57-4019-8F6C-3A152B511B7A}.Release|Any CPU.Build.0 = Release|Any CPU
		{31090591-DB57-4019-8F6C-3A152B511B7A}.Release|x64.ActiveCfg = Release|Any CPU
		{31090591-DB57-4019-8F6C-3A152B511B7A}.Release|x64.Build.0 = Release|Any CPU
		{31090591-DB57-4019-8F6C-3A152B511B7A}.Release|x86.ActiveCfg = Release|Any CPU
		{31090591-DB57-4019-8F6C-3A152B511B7A}.Release|x86.Build.0 = Release|Any CPU
		{F5DC3777-AF3B-430D-B76E-44D9AB9C3FA0}.Debug|Any CPU.ActiveCfg = Debug|Any CPU
		{F5DC3777-AF3B-430D-B76E-44D9AB9C3FA0}.Debug|Any CPU.Build.0 = Debug|Any CPU
		{F5DC3777-AF3B-430D-B76E-44D9AB9C3FA0}.Debug|x64.ActiveCfg = Debug|Any CPU
		{F5DC3777-AF3B-430D-B76E-44D9AB9C3FA0}.Debug|x64.Build.0 = Debug|Any CPU
		{F5DC3777-AF3B-430D-B76E-44D9AB9C3FA0}.Debug|x86.ActiveCfg = Debug|Any CPU
		{F5DC3777-AF3B-430D-B76E-44D9AB9C3FA0}.Debug|x86.Build.0 = Debug|Any CPU
		{F5DC3777-AF3B-430D-B76E-44D9AB9C3FA0}.Release|Any CPU.ActiveCfg = Release|Any CPU
		{F5DC3777-AF3B-430D-B76E-44D9AB9C3FA0}.Release|Any CPU.Build.0 = Release|Any CPU
		{F5DC3777-AF3B-430D-B76E-44D9AB9C3FA0}.Release|x64.ActiveCfg = Release|Any CPU
		{F5DC3777-AF3B-430D-B76E-44D9AB9C3FA0}.Release|x64.Build.0 = Release|Any CPU
		{F5DC3777-AF3B-430D-B76E-44D9AB9C3FA0}.Release|x86.ActiveCfg = Release|Any CPU
		{F5DC3777-AF3B-430D-B76E-44D9AB9C3FA0}.Release|x86.Build.0 = Release|Any CPU
		{11FD4C6F-B941-4F7B-9364-4A53DB0FDAF8}.Debug|Any CPU.ActiveCfg = Debug|Any CPU
		{11FD4C6F-B941-4F7B-9364-4A53DB0FDAF8}.Debug|Any CPU.Build.0 = Debug|Any CPU
		{11FD4C6F-B941-4F7B-9364-4A53DB0FDAF8}.Debug|x64.ActiveCfg = Debug|Any CPU
		{11FD4C6F-B941-4F7B-9364-4A53DB0FDAF8}.Debug|x64.Build.0 = Debug|Any CPU
		{11FD4C6F-B941-4F7B-9364-4A53DB0FDAF8}.Debug|x86.ActiveCfg = Debug|Any CPU
		{11FD4C6F-B941-4F7B-9364-4A53DB0FDAF8}.Debug|x86.Build.0 = Debug|Any CPU
		{11FD4C6F-B941-4F7B-9364-4A53DB0FDAF8}.Release|Any CPU.ActiveCfg = Release|Any CPU
		{11FD4C6F-B941-4F7B-9364-4A53DB0FDAF8}.Release|Any CPU.Build.0 = Release|Any CPU
		{11FD4C6F-B941-4F7B-9364-4A53DB0FDAF8}.Release|x64.ActiveCfg = Release|Any CPU
		{11FD4C6F-B941-4F7B-9364-4A53DB0FDAF8}.Release|x64.Build.0 = Release|Any CPU
		{11FD4C6F-B941-4F7B-9364-4A53DB0FDAF8}.Release|x86.ActiveCfg = Release|Any CPU
		{11FD4C6F-B941-4F7B-9364-4A53DB0FDAF8}.Release|x86.Build.0 = Release|Any CPU
		{9C08840C-D6A0-4763-A4FF-860FC7199DA5}.Debug|Any CPU.ActiveCfg = Debug|Any CPU
		{9C08840C-D6A0-4763-A4FF-860FC7199DA5}.Debug|Any CPU.Build.0 = Debug|Any CPU
		{9C08840C-D6A0-4763-A4FF-860FC7199DA5}.Debug|x64.ActiveCfg = Debug|Any CPU
		{9C08840C-D6A0-4763-A4FF-860FC7199DA5}.Debug|x64.Build.0 = Debug|Any CPU
		{9C08840C-D6A0-4763-A4FF-860FC7199DA5}.Debug|x86.ActiveCfg = Debug|Any CPU
		{9C08840C-D6A0-4763-A4FF-860FC7199DA5}.Debug|x86.Build.0 = Debug|Any CPU
		{9C08840C-D6A0-4763-A4FF-860FC7199DA5}.Release|Any CPU.ActiveCfg = Release|Any CPU
		{9C08840C-D6A0-4763-A4FF-860FC7199DA5}.Release|Any CPU.Build.0 = Release|Any CPU
		{9C08840C-D6A0-4763-A4FF-860FC7199DA5}.Release|x64.ActiveCfg = Release|Any CPU
		{9C08840C-D6A0-4763-A4FF-860FC7199DA5}.Release|x64.Build.0 = Release|Any CPU
		{9C08840C-D6A0-4763-A4FF-860FC7199DA5}.Release|x86.ActiveCfg = Release|Any CPU
		{9C08840C-D6A0-4763-A4FF-860FC7199DA5}.Release|x86.Build.0 = Release|Any CPU
		{C4301A15-FEB9-49EF-8F2F-E4EE016AFC85}.Debug|Any CPU.ActiveCfg = Debug|Any CPU
		{C4301A15-FEB9-49EF-8F2F-E4EE016AFC85}.Debug|Any CPU.Build.0 = Debug|Any CPU
		{C4301A15-FEB9-49EF-8F2F-E4EE016AFC85}.Debug|x64.ActiveCfg = Debug|Any CPU
		{C4301A15-FEB9-49EF-8F2F-E4EE016AFC85}.Debug|x64.Build.0 = Debug|Any CPU
		{C4301A15-FEB9-49EF-8F2F-E4EE016AFC85}.Debug|x86.ActiveCfg = Debug|Any CPU
		{C4301A15-FEB9-49EF-8F2F-E4EE016AFC85}.Debug|x86.Build.0 = Debug|Any CPU
		{C4301A15-FEB9-49EF-8F2F-E4EE016AFC85}.Release|Any CPU.ActiveCfg = Release|Any CPU
		{C4301A15-FEB9-49EF-8F2F-E4EE016AFC85}.Release|Any CPU.Build.0 = Release|Any CPU
		{C4301A15-FEB9-49EF-8F2F-E4EE016AFC85}.Release|x64.ActiveCfg = Release|Any CPU
		{C4301A15-FEB9-49EF-8F2F-E4EE016AFC85}.Release|x64.Build.0 = Release|Any CPU
		{C4301A15-FEB9-49EF-8F2F-E4EE016AFC85}.Release|x86.ActiveCfg = Release|Any CPU
		{C4301A15-FEB9-49EF-8F2F-E4EE016AFC85}.Release|x86.Build.0 = Release|Any CPU
		{4CE88F25-10EA-4501-A457-572F7EFC43E2}.Debug|Any CPU.ActiveCfg = Debug|Any CPU
		{4CE88F25-10EA-4501-A457-572F7EFC43E2}.Debug|Any CPU.Build.0 = Debug|Any CPU
		{4CE88F25-10EA-4501-A457-572F7EFC43E2}.Debug|x64.ActiveCfg = Debug|Any CPU
		{4CE88F25-10EA-4501-A457-572F7EFC43E2}.Debug|x64.Build.0 = Debug|Any CPU
		{4CE88F25-10EA-4501-A457-572F7EFC43E2}.Debug|x86.ActiveCfg = Debug|Any CPU
		{4CE88F25-10EA-4501-A457-572F7EFC43E2}.Debug|x86.Build.0 = Debug|Any CPU
		{4CE88F25-10EA-4501-A457-572F7EFC43E2}.Release|Any CPU.ActiveCfg = Release|Any CPU
		{4CE88F25-10EA-4501-A457-572F7EFC43E2}.Release|Any CPU.Build.0 = Release|Any CPU
		{4CE88F25-10EA-4501-A457-572F7EFC43E2}.Release|x64.ActiveCfg = Release|Any CPU
		{4CE88F25-10EA-4501-A457-572F7EFC43E2}.Release|x64.Build.0 = Release|Any CPU
		{4CE88F25-10EA-4501-A457-572F7EFC43E2}.Release|x86.ActiveCfg = Release|Any CPU
		{4CE88F25-10EA-4501-A457-572F7EFC43E2}.Release|x86.Build.0 = Release|Any CPU
		{3137039E-9BE0-42B3-8553-EC2B230234BB}.Debug|Any CPU.ActiveCfg = Debug|Any CPU
		{3137039E-9BE0-42B3-8553-EC2B230234BB}.Debug|Any CPU.Build.0 = Debug|Any CPU
		{3137039E-9BE0-42B3-8553-EC2B230234BB}.Debug|x64.ActiveCfg = Debug|Any CPU
		{3137039E-9BE0-42B3-8553-EC2B230234BB}.Debug|x64.Build.0 = Debug|Any CPU
		{3137039E-9BE0-42B3-8553-EC2B230234BB}.Debug|x86.ActiveCfg = Debug|Any CPU
		{3137039E-9BE0-42B3-8553-EC2B230234BB}.Debug|x86.Build.0 = Debug|Any CPU
		{3137039E-9BE0-42B3-8553-EC2B230234BB}.Release|Any CPU.ActiveCfg = Release|Any CPU
		{3137039E-9BE0-42B3-8553-EC2B230234BB}.Release|Any CPU.Build.0 = Release|Any CPU
		{3137039E-9BE0-42B3-8553-EC2B230234BB}.Release|x64.ActiveCfg = Release|Any CPU
		{3137039E-9BE0-42B3-8553-EC2B230234BB}.Release|x64.Build.0 = Release|Any CPU
		{3137039E-9BE0-42B3-8553-EC2B230234BB}.Release|x86.ActiveCfg = Release|Any CPU
		{3137039E-9BE0-42B3-8553-EC2B230234BB}.Release|x86.Build.0 = Release|Any CPU
		{F2FB09A4-B6FE-4CAA-91DF-F29F36736DEA}.Debug|Any CPU.ActiveCfg = Debug|Any CPU
		{F2FB09A4-B6FE-4CAA-91DF-F29F36736DEA}.Debug|Any CPU.Build.0 = Debug|Any CPU
		{F2FB09A4-B6FE-4CAA-91DF-F29F36736DEA}.Debug|x64.ActiveCfg = Debug|Any CPU
		{F2FB09A4-B6FE-4CAA-91DF-F29F36736DEA}.Debug|x64.Build.0 = Debug|Any CPU
		{F2FB09A4-B6FE-4CAA-91DF-F29F36736DEA}.Debug|x86.ActiveCfg = Debug|Any CPU
		{F2FB09A4-B6FE-4CAA-91DF-F29F36736DEA}.Debug|x86.Build.0 = Debug|Any CPU
		{F2FB09A4-B6FE-4CAA-91DF-F29F36736DEA}.Release|Any CPU.ActiveCfg = Release|Any CPU
		{F2FB09A4-B6FE-4CAA-91DF-F29F36736DEA}.Release|Any CPU.Build.0 = Release|Any CPU
		{F2FB09A4-B6FE-4CAA-91DF-F29F36736DEA}.Release|x64.ActiveCfg = Release|Any CPU
		{F2FB09A4-B6FE-4CAA-91DF-F29F36736DEA}.Release|x64.Build.0 = Release|Any CPU
		{F2FB09A4-B6FE-4CAA-91DF-F29F36736DEA}.Release|x86.ActiveCfg = Release|Any CPU
		{F2FB09A4-B6FE-4CAA-91DF-F29F36736DEA}.Release|x86.Build.0 = Release|Any CPU
		{2A639F3B-FBF9-433A-8E22-6AB0E3820014}.Debug|Any CPU.ActiveCfg = Debug|Any CPU
		{2A639F3B-FBF9-433A-8E22-6AB0E3820014}.Debug|Any CPU.Build.0 = Debug|Any CPU
		{2A639F3B-FBF9-433A-8E22-6AB0E3820014}.Debug|x64.ActiveCfg = Debug|Any CPU
		{2A639F3B-FBF9-433A-8E22-6AB0E3820014}.Debug|x64.Build.0 = Debug|Any CPU
		{2A639F3B-FBF9-433A-8E22-6AB0E3820014}.Debug|x86.ActiveCfg = Debug|Any CPU
		{2A639F3B-FBF9-433A-8E22-6AB0E3820014}.Debug|x86.Build.0 = Debug|Any CPU
		{2A639F3B-FBF9-433A-8E22-6AB0E3820014}.Release|Any CPU.ActiveCfg = Release|Any CPU
		{2A639F3B-FBF9-433A-8E22-6AB0E3820014}.Release|Any CPU.Build.0 = Release|Any CPU
		{2A639F3B-FBF9-433A-8E22-6AB0E3820014}.Release|x64.ActiveCfg = Release|Any CPU
		{2A639F3B-FBF9-433A-8E22-6AB0E3820014}.Release|x64.Build.0 = Release|Any CPU
		{2A639F3B-FBF9-433A-8E22-6AB0E3820014}.Release|x86.ActiveCfg = Release|Any CPU
		{2A639F3B-FBF9-433A-8E22-6AB0E3820014}.Release|x86.Build.0 = Release|Any CPU
		{1BBD4F50-3DA7-4C2E-9A4E-35D2B00ACD89}.Debug|Any CPU.ActiveCfg = Debug|Any CPU
		{1BBD4F50-3DA7-4C2E-9A4E-35D2B00ACD89}.Debug|Any CPU.Build.0 = Debug|Any CPU
		{1BBD4F50-3DA7-4C2E-9A4E-35D2B00ACD89}.Debug|x64.ActiveCfg = Debug|Any CPU
		{1BBD4F50-3DA7-4C2E-9A4E-35D2B00ACD89}.Debug|x64.Build.0 = Debug|Any CPU
		{1BBD4F50-3DA7-4C2E-9A4E-35D2B00ACD89}.Debug|x86.ActiveCfg = Debug|Any CPU
		{1BBD4F50-3DA7-4C2E-9A4E-35D2B00ACD89}.Debug|x86.Build.0 = Debug|Any CPU
		{1BBD4F50-3DA7-4C2E-9A4E-35D2B00ACD89}.Release|Any CPU.ActiveCfg = Release|Any CPU
		{1BBD4F50-3DA7-4C2E-9A4E-35D2B00ACD89}.Release|Any CPU.Build.0 = Release|Any CPU
		{1BBD4F50-3DA7-4C2E-9A4E-35D2B00ACD89}.Release|x64.ActiveCfg = Release|Any CPU
		{1BBD4F50-3DA7-4C2E-9A4E-35D2B00ACD89}.Release|x64.Build.0 = Release|Any CPU
		{1BBD4F50-3DA7-4C2E-9A4E-35D2B00ACD89}.Release|x86.ActiveCfg = Release|Any CPU
		{1BBD4F50-3DA7-4C2E-9A4E-35D2B00ACD89}.Release|x86.Build.0 = Release|Any CPU
		{5BFB72E8-33B6-42DB-B60C-EA42C89B8D93}.Debug|Any CPU.ActiveCfg = Debug|Any CPU
		{5BFB72E8-33B6-42DB-B60C-EA42C89B8D93}.Debug|Any CPU.Build.0 = Debug|Any CPU
		{5BFB72E8-33B6-42DB-B60C-EA42C89B8D93}.Debug|x64.ActiveCfg = Debug|Any CPU
		{5BFB72E8-33B6-42DB-B60C-EA42C89B8D93}.Debug|x64.Build.0 = Debug|Any CPU
		{5BFB72E8-33B6-42DB-B60C-EA42C89B8D93}.Debug|x86.ActiveCfg = Debug|Any CPU
		{5BFB72E8-33B6-42DB-B60C-EA42C89B8D93}.Debug|x86.Build.0 = Debug|Any CPU
		{5BFB72E8-33B6-42DB-B60C-EA42C89B8D93}.Release|Any CPU.ActiveCfg = Release|Any CPU
		{5BFB72E8-33B6-42DB-B60C-EA42C89B8D93}.Release|Any CPU.Build.0 = Release|Any CPU
		{5BFB72E8-33B6-42DB-B60C-EA42C89B8D93}.Release|x64.ActiveCfg = Release|Any CPU
		{5BFB72E8-33B6-42DB-B60C-EA42C89B8D93}.Release|x64.Build.0 = Release|Any CPU
		{5BFB72E8-33B6-42DB-B60C-EA42C89B8D93}.Release|x86.ActiveCfg = Release|Any CPU
		{5BFB72E8-33B6-42DB-B60C-EA42C89B8D93}.Release|x86.Build.0 = Release|Any CPU
		{7EF53705-FAB2-4CAE-B918-5B3943245DEA}.Debug|Any CPU.ActiveCfg = Debug|Any CPU
		{7EF53705-FAB2-4CAE-B918-5B3943245DEA}.Debug|Any CPU.Build.0 = Debug|Any CPU
		{7EF53705-FAB2-4CAE-B918-5B3943245DEA}.Debug|x64.ActiveCfg = Debug|Any CPU
		{7EF53705-FAB2-4CAE-B918-5B3943245DEA}.Debug|x64.Build.0 = Debug|Any CPU
		{7EF53705-FAB2-4CAE-B918-5B3943245DEA}.Debug|x86.ActiveCfg = Debug|Any CPU
		{7EF53705-FAB2-4CAE-B918-5B3943245DEA}.Debug|x86.Build.0 = Debug|Any CPU
		{7EF53705-FAB2-4CAE-B918-5B3943245DEA}.Release|Any CPU.ActiveCfg = Release|Any CPU
		{7EF53705-FAB2-4CAE-B918-5B3943245DEA}.Release|Any CPU.Build.0 = Release|Any CPU
		{7EF53705-FAB2-4CAE-B918-5B3943245DEA}.Release|x64.ActiveCfg = Release|Any CPU
		{7EF53705-FAB2-4CAE-B918-5B3943245DEA}.Release|x64.Build.0 = Release|Any CPU
		{7EF53705-FAB2-4CAE-B918-5B3943245DEA}.Release|x86.ActiveCfg = Release|Any CPU
		{7EF53705-FAB2-4CAE-B918-5B3943245DEA}.Release|x86.Build.0 = Release|Any CPU
		{830025D8-6256-45AE-AC09-6DF87B44D192}.Debug|Any CPU.ActiveCfg = Debug|Any CPU
		{830025D8-6256-45AE-AC09-6DF87B44D192}.Debug|Any CPU.Build.0 = Debug|Any CPU
		{830025D8-6256-45AE-AC09-6DF87B44D192}.Debug|x64.ActiveCfg = Debug|Any CPU
		{830025D8-6256-45AE-AC09-6DF87B44D192}.Debug|x64.Build.0 = Debug|Any CPU
		{830025D8-6256-45AE-AC09-6DF87B44D192}.Debug|x86.ActiveCfg = Debug|Any CPU
		{830025D8-6256-45AE-AC09-6DF87B44D192}.Debug|x86.Build.0 = Debug|Any CPU
		{830025D8-6256-45AE-AC09-6DF87B44D192}.Release|Any CPU.ActiveCfg = Release|Any CPU
		{830025D8-6256-45AE-AC09-6DF87B44D192}.Release|Any CPU.Build.0 = Release|Any CPU
		{830025D8-6256-45AE-AC09-6DF87B44D192}.Release|x64.ActiveCfg = Release|Any CPU
		{830025D8-6256-45AE-AC09-6DF87B44D192}.Release|x64.Build.0 = Release|Any CPU
		{830025D8-6256-45AE-AC09-6DF87B44D192}.Release|x86.ActiveCfg = Release|Any CPU
		{830025D8-6256-45AE-AC09-6DF87B44D192}.Release|x86.Build.0 = Release|Any CPU
		{71F2FA42-3148-41E8-978D-2AF18C68D1D5}.Debug|Any CPU.ActiveCfg = Debug|Any CPU
		{71F2FA42-3148-41E8-978D-2AF18C68D1D5}.Debug|Any CPU.Build.0 = Debug|Any CPU
		{71F2FA42-3148-41E8-978D-2AF18C68D1D5}.Debug|x64.ActiveCfg = Debug|Any CPU
		{71F2FA42-3148-41E8-978D-2AF18C68D1D5}.Debug|x64.Build.0 = Debug|Any CPU
		{71F2FA42-3148-41E8-978D-2AF18C68D1D5}.Debug|x86.ActiveCfg = Debug|Any CPU
		{71F2FA42-3148-41E8-978D-2AF18C68D1D5}.Debug|x86.Build.0 = Debug|Any CPU
		{71F2FA42-3148-41E8-978D-2AF18C68D1D5}.Release|Any CPU.ActiveCfg = Release|Any CPU
		{71F2FA42-3148-41E8-978D-2AF18C68D1D5}.Release|Any CPU.Build.0 = Release|Any CPU
		{71F2FA42-3148-41E8-978D-2AF18C68D1D5}.Release|x64.ActiveCfg = Release|Any CPU
		{71F2FA42-3148-41E8-978D-2AF18C68D1D5}.Release|x64.Build.0 = Release|Any CPU
		{71F2FA42-3148-41E8-978D-2AF18C68D1D5}.Release|x86.ActiveCfg = Release|Any CPU
		{71F2FA42-3148-41E8-978D-2AF18C68D1D5}.Release|x86.Build.0 = Release|Any CPU
		{684F722B-FB4B-42A6-B733-C8081E0851B8}.Debug|Any CPU.ActiveCfg = Debug|Any CPU
		{684F722B-FB4B-42A6-B733-C8081E0851B8}.Debug|Any CPU.Build.0 = Debug|Any CPU
		{684F722B-FB4B-42A6-B733-C8081E0851B8}.Debug|x64.ActiveCfg = Debug|Any CPU
		{684F722B-FB4B-42A6-B733-C8081E0851B8}.Debug|x64.Build.0 = Debug|Any CPU
		{684F722B-FB4B-42A6-B733-C8081E0851B8}.Debug|x86.ActiveCfg = Debug|Any CPU
		{684F722B-FB4B-42A6-B733-C8081E0851B8}.Debug|x86.Build.0 = Debug|Any CPU
		{684F722B-FB4B-42A6-B733-C8081E0851B8}.Release|Any CPU.ActiveCfg = Release|Any CPU
		{684F722B-FB4B-42A6-B733-C8081E0851B8}.Release|Any CPU.Build.0 = Release|Any CPU
		{684F722B-FB4B-42A6-B733-C8081E0851B8}.Release|x64.ActiveCfg = Release|Any CPU
		{684F722B-FB4B-42A6-B733-C8081E0851B8}.Release|x64.Build.0 = Release|Any CPU
		{684F722B-FB4B-42A6-B733-C8081E0851B8}.Release|x86.ActiveCfg = Release|Any CPU
		{684F722B-FB4B-42A6-B733-C8081E0851B8}.Release|x86.Build.0 = Release|Any CPU
		{0D7B241A-3FA0-4C21-B08D-8EC8680117C1}.Debug|Any CPU.ActiveCfg = Debug|Any CPU
		{0D7B241A-3FA0-4C21-B08D-8EC8680117C1}.Debug|Any CPU.Build.0 = Debug|Any CPU
		{0D7B241A-3FA0-4C21-B08D-8EC8680117C1}.Debug|x64.ActiveCfg = Debug|Any CPU
		{0D7B241A-3FA0-4C21-B08D-8EC8680117C1}.Debug|x64.Build.0 = Debug|Any CPU
		{0D7B241A-3FA0-4C21-B08D-8EC8680117C1}.Debug|x86.ActiveCfg = Debug|Any CPU
		{0D7B241A-3FA0-4C21-B08D-8EC8680117C1}.Debug|x86.Build.0 = Debug|Any CPU
		{0D7B241A-3FA0-4C21-B08D-8EC8680117C1}.Release|Any CPU.ActiveCfg = Release|Any CPU
		{0D7B241A-3FA0-4C21-B08D-8EC8680117C1}.Release|Any CPU.Build.0 = Release|Any CPU
		{0D7B241A-3FA0-4C21-B08D-8EC8680117C1}.Release|x64.ActiveCfg = Release|Any CPU
		{0D7B241A-3FA0-4C21-B08D-8EC8680117C1}.Release|x64.Build.0 = Release|Any CPU
		{0D7B241A-3FA0-4C21-B08D-8EC8680117C1}.Release|x86.ActiveCfg = Release|Any CPU
		{0D7B241A-3FA0-4C21-B08D-8EC8680117C1}.Release|x86.Build.0 = Release|Any CPU
		{28C03D7A-BA14-486A-83C0-9B17C3D329B4}.Debug|Any CPU.ActiveCfg = Debug|Any CPU
		{28C03D7A-BA14-486A-83C0-9B17C3D329B4}.Debug|Any CPU.Build.0 = Debug|Any CPU
		{28C03D7A-BA14-486A-83C0-9B17C3D329B4}.Debug|x64.ActiveCfg = Debug|Any CPU
		{28C03D7A-BA14-486A-83C0-9B17C3D329B4}.Debug|x64.Build.0 = Debug|Any CPU
		{28C03D7A-BA14-486A-83C0-9B17C3D329B4}.Debug|x86.ActiveCfg = Debug|Any CPU
		{28C03D7A-BA14-486A-83C0-9B17C3D329B4}.Debug|x86.Build.0 = Debug|Any CPU
		{28C03D7A-BA14-486A-83C0-9B17C3D329B4}.Release|Any CPU.ActiveCfg = Release|Any CPU
		{28C03D7A-BA14-486A-83C0-9B17C3D329B4}.Release|Any CPU.Build.0 = Release|Any CPU
		{28C03D7A-BA14-486A-83C0-9B17C3D329B4}.Release|x64.ActiveCfg = Release|Any CPU
		{28C03D7A-BA14-486A-83C0-9B17C3D329B4}.Release|x64.Build.0 = Release|Any CPU
		{28C03D7A-BA14-486A-83C0-9B17C3D329B4}.Release|x86.ActiveCfg = Release|Any CPU
		{28C03D7A-BA14-486A-83C0-9B17C3D329B4}.Release|x86.Build.0 = Release|Any CPU
		{BBD72D43-0B2E-48EC-B5D1-4DB9E2D8286A}.Debug|Any CPU.ActiveCfg = Debug|Any CPU
		{BBD72D43-0B2E-48EC-B5D1-4DB9E2D8286A}.Debug|Any CPU.Build.0 = Debug|Any CPU
		{BBD72D43-0B2E-48EC-B5D1-4DB9E2D8286A}.Debug|x64.ActiveCfg = Debug|Any CPU
		{BBD72D43-0B2E-48EC-B5D1-4DB9E2D8286A}.Debug|x64.Build.0 = Debug|Any CPU
		{BBD72D43-0B2E-48EC-B5D1-4DB9E2D8286A}.Debug|x86.ActiveCfg = Debug|Any CPU
		{BBD72D43-0B2E-48EC-B5D1-4DB9E2D8286A}.Debug|x86.Build.0 = Debug|Any CPU
		{BBD72D43-0B2E-48EC-B5D1-4DB9E2D8286A}.Release|Any CPU.ActiveCfg = Release|Any CPU
		{BBD72D43-0B2E-48EC-B5D1-4DB9E2D8286A}.Release|Any CPU.Build.0 = Release|Any CPU
		{BBD72D43-0B2E-48EC-B5D1-4DB9E2D8286A}.Release|x64.ActiveCfg = Release|Any CPU
		{BBD72D43-0B2E-48EC-B5D1-4DB9E2D8286A}.Release|x64.Build.0 = Release|Any CPU
		{BBD72D43-0B2E-48EC-B5D1-4DB9E2D8286A}.Release|x86.ActiveCfg = Release|Any CPU
		{BBD72D43-0B2E-48EC-B5D1-4DB9E2D8286A}.Release|x86.Build.0 = Release|Any CPU
		{21673EA8-E23B-475A-A3DC-3AF3EFCD82D7}.Debug|Any CPU.ActiveCfg = Debug|Any CPU
		{21673EA8-E23B-475A-A3DC-3AF3EFCD82D7}.Debug|Any CPU.Build.0 = Debug|Any CPU
		{21673EA8-E23B-475A-A3DC-3AF3EFCD82D7}.Debug|x64.ActiveCfg = Debug|Any CPU
		{21673EA8-E23B-475A-A3DC-3AF3EFCD82D7}.Debug|x64.Build.0 = Debug|Any CPU
		{21673EA8-E23B-475A-A3DC-3AF3EFCD82D7}.Debug|x86.ActiveCfg = Debug|Any CPU
		{21673EA8-E23B-475A-A3DC-3AF3EFCD82D7}.Debug|x86.Build.0 = Debug|Any CPU
		{21673EA8-E23B-475A-A3DC-3AF3EFCD82D7}.Release|Any CPU.ActiveCfg = Release|Any CPU
		{21673EA8-E23B-475A-A3DC-3AF3EFCD82D7}.Release|Any CPU.Build.0 = Release|Any CPU
		{21673EA8-E23B-475A-A3DC-3AF3EFCD82D7}.Release|x64.ActiveCfg = Release|Any CPU
		{21673EA8-E23B-475A-A3DC-3AF3EFCD82D7}.Release|x64.Build.0 = Release|Any CPU
		{21673EA8-E23B-475A-A3DC-3AF3EFCD82D7}.Release|x86.ActiveCfg = Release|Any CPU
		{21673EA8-E23B-475A-A3DC-3AF3EFCD82D7}.Release|x86.Build.0 = Release|Any CPU
		{22D55CBC-2E9A-4FFD-AEEB-1A8066F86544}.Debug|Any CPU.ActiveCfg = Debug|Any CPU
		{22D55CBC-2E9A-4FFD-AEEB-1A8066F86544}.Debug|Any CPU.Build.0 = Debug|Any CPU
		{22D55CBC-2E9A-4FFD-AEEB-1A8066F86544}.Debug|x64.ActiveCfg = Debug|Any CPU
		{22D55CBC-2E9A-4FFD-AEEB-1A8066F86544}.Debug|x64.Build.0 = Debug|Any CPU
		{22D55CBC-2E9A-4FFD-AEEB-1A8066F86544}.Debug|x86.ActiveCfg = Debug|Any CPU
		{22D55CBC-2E9A-4FFD-AEEB-1A8066F86544}.Debug|x86.Build.0 = Debug|Any CPU
		{22D55CBC-2E9A-4FFD-AEEB-1A8066F86544}.Release|Any CPU.ActiveCfg = Release|Any CPU
		{22D55CBC-2E9A-4FFD-AEEB-1A8066F86544}.Release|Any CPU.Build.0 = Release|Any CPU
		{22D55CBC-2E9A-4FFD-AEEB-1A8066F86544}.Release|x64.ActiveCfg = Release|Any CPU
		{22D55CBC-2E9A-4FFD-AEEB-1A8066F86544}.Release|x64.Build.0 = Release|Any CPU
		{22D55CBC-2E9A-4FFD-AEEB-1A8066F86544}.Release|x86.ActiveCfg = Release|Any CPU
		{22D55CBC-2E9A-4FFD-AEEB-1A8066F86544}.Release|x86.Build.0 = Release|Any CPU
		{701D3EB4-CD4B-4E7B-A7A1-D097F0C0288E}.Debug|Any CPU.ActiveCfg = Debug|Any CPU
		{701D3EB4-CD4B-4E7B-A7A1-D097F0C0288E}.Debug|Any CPU.Build.0 = Debug|Any CPU
		{701D3EB4-CD4B-4E7B-A7A1-D097F0C0288E}.Debug|x64.ActiveCfg = Debug|Any CPU
		{701D3EB4-CD4B-4E7B-A7A1-D097F0C0288E}.Debug|x64.Build.0 = Debug|Any CPU
		{701D3EB4-CD4B-4E7B-A7A1-D097F0C0288E}.Debug|x86.ActiveCfg = Debug|Any CPU
		{701D3EB4-CD4B-4E7B-A7A1-D097F0C0288E}.Debug|x86.Build.0 = Debug|Any CPU
		{701D3EB4-CD4B-4E7B-A7A1-D097F0C0288E}.Release|Any CPU.ActiveCfg = Release|Any CPU
		{701D3EB4-CD4B-4E7B-A7A1-D097F0C0288E}.Release|Any CPU.Build.0 = Release|Any CPU
		{701D3EB4-CD4B-4E7B-A7A1-D097F0C0288E}.Release|x64.ActiveCfg = Release|Any CPU
		{701D3EB4-CD4B-4E7B-A7A1-D097F0C0288E}.Release|x64.Build.0 = Release|Any CPU
		{701D3EB4-CD4B-4E7B-A7A1-D097F0C0288E}.Release|x86.ActiveCfg = Release|Any CPU
		{701D3EB4-CD4B-4E7B-A7A1-D097F0C0288E}.Release|x86.Build.0 = Release|Any CPU
		{C162BADC-E9ED-4C14-A9DE-D6DF327B35DF}.Debug|Any CPU.ActiveCfg = Debug|Any CPU
		{C162BADC-E9ED-4C14-A9DE-D6DF327B35DF}.Debug|Any CPU.Build.0 = Debug|Any CPU
		{C162BADC-E9ED-4C14-A9DE-D6DF327B35DF}.Debug|x64.ActiveCfg = Debug|Any CPU
		{C162BADC-E9ED-4C14-A9DE-D6DF327B35DF}.Debug|x64.Build.0 = Debug|Any CPU
		{C162BADC-E9ED-4C14-A9DE-D6DF327B35DF}.Debug|x86.ActiveCfg = Debug|Any CPU
		{C162BADC-E9ED-4C14-A9DE-D6DF327B35DF}.Debug|x86.Build.0 = Debug|Any CPU
		{C162BADC-E9ED-4C14-A9DE-D6DF327B35DF}.Release|Any CPU.ActiveCfg = Release|Any CPU
		{C162BADC-E9ED-4C14-A9DE-D6DF327B35DF}.Release|Any CPU.Build.0 = Release|Any CPU
		{C162BADC-E9ED-4C14-A9DE-D6DF327B35DF}.Release|x64.ActiveCfg = Release|Any CPU
		{C162BADC-E9ED-4C14-A9DE-D6DF327B35DF}.Release|x64.Build.0 = Release|Any CPU
		{C162BADC-E9ED-4C14-A9DE-D6DF327B35DF}.Release|x86.ActiveCfg = Release|Any CPU
		{C162BADC-E9ED-4C14-A9DE-D6DF327B35DF}.Release|x86.Build.0 = Release|Any CPU
		{43167A13-69AD-4051-9F03-D4A9545AE438}.Debug|Any CPU.ActiveCfg = Debug|Any CPU
		{43167A13-69AD-4051-9F03-D4A9545AE438}.Debug|Any CPU.Build.0 = Debug|Any CPU
		{43167A13-69AD-4051-9F03-D4A9545AE438}.Debug|x64.ActiveCfg = Debug|Any CPU
		{43167A13-69AD-4051-9F03-D4A9545AE438}.Debug|x64.Build.0 = Debug|Any CPU
		{43167A13-69AD-4051-9F03-D4A9545AE438}.Debug|x86.ActiveCfg = Debug|Any CPU
		{43167A13-69AD-4051-9F03-D4A9545AE438}.Debug|x86.Build.0 = Debug|Any CPU
		{43167A13-69AD-4051-9F03-D4A9545AE438}.Release|Any CPU.ActiveCfg = Release|Any CPU
		{43167A13-69AD-4051-9F03-D4A9545AE438}.Release|Any CPU.Build.0 = Release|Any CPU
		{43167A13-69AD-4051-9F03-D4A9545AE438}.Release|x64.ActiveCfg = Release|Any CPU
		{43167A13-69AD-4051-9F03-D4A9545AE438}.Release|x64.Build.0 = Release|Any CPU
		{43167A13-69AD-4051-9F03-D4A9545AE438}.Release|x86.ActiveCfg = Release|Any CPU
		{43167A13-69AD-4051-9F03-D4A9545AE438}.Release|x86.Build.0 = Release|Any CPU
		{635B4AF3-B4E7-4FDC-9EF3-08E8B87804FA}.Debug|Any CPU.ActiveCfg = Debug|Any CPU
		{635B4AF3-B4E7-4FDC-9EF3-08E8B87804FA}.Debug|Any CPU.Build.0 = Debug|Any CPU
		{635B4AF3-B4E7-4FDC-9EF3-08E8B87804FA}.Debug|x64.ActiveCfg = Debug|Any CPU
		{635B4AF3-B4E7-4FDC-9EF3-08E8B87804FA}.Debug|x64.Build.0 = Debug|Any CPU
		{635B4AF3-B4E7-4FDC-9EF3-08E8B87804FA}.Debug|x86.ActiveCfg = Debug|Any CPU
		{635B4AF3-B4E7-4FDC-9EF3-08E8B87804FA}.Debug|x86.Build.0 = Debug|Any CPU
		{635B4AF3-B4E7-4FDC-9EF3-08E8B87804FA}.Release|Any CPU.ActiveCfg = Release|Any CPU
		{635B4AF3-B4E7-4FDC-9EF3-08E8B87804FA}.Release|Any CPU.Build.0 = Release|Any CPU
		{635B4AF3-B4E7-4FDC-9EF3-08E8B87804FA}.Release|x64.ActiveCfg = Release|Any CPU
		{635B4AF3-B4E7-4FDC-9EF3-08E8B87804FA}.Release|x64.Build.0 = Release|Any CPU
		{635B4AF3-B4E7-4FDC-9EF3-08E8B87804FA}.Release|x86.ActiveCfg = Release|Any CPU
		{635B4AF3-B4E7-4FDC-9EF3-08E8B87804FA}.Release|x86.Build.0 = Release|Any CPU
		{69E7C6CD-12BD-454A-8B24-2C583A53EC95}.Debug|Any CPU.ActiveCfg = Debug|Any CPU
		{69E7C6CD-12BD-454A-8B24-2C583A53EC95}.Debug|Any CPU.Build.0 = Debug|Any CPU
		{69E7C6CD-12BD-454A-8B24-2C583A53EC95}.Debug|x64.ActiveCfg = Debug|Any CPU
		{69E7C6CD-12BD-454A-8B24-2C583A53EC95}.Debug|x64.Build.0 = Debug|Any CPU
		{69E7C6CD-12BD-454A-8B24-2C583A53EC95}.Debug|x86.ActiveCfg = Debug|Any CPU
		{69E7C6CD-12BD-454A-8B24-2C583A53EC95}.Debug|x86.Build.0 = Debug|Any CPU
		{69E7C6CD-12BD-454A-8B24-2C583A53EC95}.Release|Any CPU.ActiveCfg = Release|Any CPU
		{69E7C6CD-12BD-454A-8B24-2C583A53EC95}.Release|Any CPU.Build.0 = Release|Any CPU
		{69E7C6CD-12BD-454A-8B24-2C583A53EC95}.Release|x64.ActiveCfg = Release|Any CPU
		{69E7C6CD-12BD-454A-8B24-2C583A53EC95}.Release|x64.Build.0 = Release|Any CPU
		{69E7C6CD-12BD-454A-8B24-2C583A53EC95}.Release|x86.ActiveCfg = Release|Any CPU
		{69E7C6CD-12BD-454A-8B24-2C583A53EC95}.Release|x86.Build.0 = Release|Any CPU
		{4F7CE632-997F-4A81-BF7B-E6938598A0AF}.Debug|Any CPU.ActiveCfg = Debug|Any CPU
		{4F7CE632-997F-4A81-BF7B-E6938598A0AF}.Debug|Any CPU.Build.0 = Debug|Any CPU
		{4F7CE632-997F-4A81-BF7B-E6938598A0AF}.Debug|x64.ActiveCfg = Debug|Any CPU
		{4F7CE632-997F-4A81-BF7B-E6938598A0AF}.Debug|x64.Build.0 = Debug|Any CPU
		{4F7CE632-997F-4A81-BF7B-E6938598A0AF}.Debug|x86.ActiveCfg = Debug|Any CPU
		{4F7CE632-997F-4A81-BF7B-E6938598A0AF}.Debug|x86.Build.0 = Debug|Any CPU
		{4F7CE632-997F-4A81-BF7B-E6938598A0AF}.Release|Any CPU.ActiveCfg = Release|Any CPU
		{4F7CE632-997F-4A81-BF7B-E6938598A0AF}.Release|Any CPU.Build.0 = Release|Any CPU
		{4F7CE632-997F-4A81-BF7B-E6938598A0AF}.Release|x64.ActiveCfg = Release|Any CPU
		{4F7CE632-997F-4A81-BF7B-E6938598A0AF}.Release|x64.Build.0 = Release|Any CPU
		{4F7CE632-997F-4A81-BF7B-E6938598A0AF}.Release|x86.ActiveCfg = Release|Any CPU
		{4F7CE632-997F-4A81-BF7B-E6938598A0AF}.Release|x86.Build.0 = Release|Any CPU
		{8DC21042-92CE-4B6D-ADB7-5FCA353DF381}.Debug|Any CPU.ActiveCfg = Debug|Any CPU
		{8DC21042-92CE-4B6D-ADB7-5FCA353DF381}.Debug|Any CPU.Build.0 = Debug|Any CPU
		{8DC21042-92CE-4B6D-ADB7-5FCA353DF381}.Debug|x64.ActiveCfg = Debug|Any CPU
		{8DC21042-92CE-4B6D-ADB7-5FCA353DF381}.Debug|x64.Build.0 = Debug|Any CPU
		{8DC21042-92CE-4B6D-ADB7-5FCA353DF381}.Debug|x86.ActiveCfg = Debug|Any CPU
		{8DC21042-92CE-4B6D-ADB7-5FCA353DF381}.Debug|x86.Build.0 = Debug|Any CPU
		{8DC21042-92CE-4B6D-ADB7-5FCA353DF381}.Release|Any CPU.ActiveCfg = Release|Any CPU
		{8DC21042-92CE-4B6D-ADB7-5FCA353DF381}.Release|Any CPU.Build.0 = Release|Any CPU
		{8DC21042-92CE-4B6D-ADB7-5FCA353DF381}.Release|x64.ActiveCfg = Release|Any CPU
		{8DC21042-92CE-4B6D-ADB7-5FCA353DF381}.Release|x64.Build.0 = Release|Any CPU
		{8DC21042-92CE-4B6D-ADB7-5FCA353DF381}.Release|x86.ActiveCfg = Release|Any CPU
		{8DC21042-92CE-4B6D-ADB7-5FCA353DF381}.Release|x86.Build.0 = Release|Any CPU
		{E088C226-95FC-46B9-8088-144E2FC72344}.Debug|Any CPU.ActiveCfg = Debug|Any CPU
		{E088C226-95FC-46B9-8088-144E2FC72344}.Debug|Any CPU.Build.0 = Debug|Any CPU
		{E088C226-95FC-46B9-8088-144E2FC72344}.Debug|x64.ActiveCfg = Debug|Any CPU
		{E088C226-95FC-46B9-8088-144E2FC72344}.Debug|x64.Build.0 = Debug|Any CPU
		{E088C226-95FC-46B9-8088-144E2FC72344}.Debug|x86.ActiveCfg = Debug|Any CPU
		{E088C226-95FC-46B9-8088-144E2FC72344}.Debug|x86.Build.0 = Debug|Any CPU
		{E088C226-95FC-46B9-8088-144E2FC72344}.Release|Any CPU.ActiveCfg = Release|Any CPU
		{E088C226-95FC-46B9-8088-144E2FC72344}.Release|Any CPU.Build.0 = Release|Any CPU
		{E088C226-95FC-46B9-8088-144E2FC72344}.Release|x64.ActiveCfg = Release|Any CPU
		{E088C226-95FC-46B9-8088-144E2FC72344}.Release|x64.Build.0 = Release|Any CPU
		{E088C226-95FC-46B9-8088-144E2FC72344}.Release|x86.ActiveCfg = Release|Any CPU
		{E088C226-95FC-46B9-8088-144E2FC72344}.Release|x86.Build.0 = Release|Any CPU
		{E76FBCF5-AF21-4E87-AF50-86C6CFBBD65E}.Debug|Any CPU.ActiveCfg = Debug|Any CPU
		{E76FBCF5-AF21-4E87-AF50-86C6CFBBD65E}.Debug|Any CPU.Build.0 = Debug|Any CPU
		{E76FBCF5-AF21-4E87-AF50-86C6CFBBD65E}.Debug|x64.ActiveCfg = Debug|Any CPU
		{E76FBCF5-AF21-4E87-AF50-86C6CFBBD65E}.Debug|x64.Build.0 = Debug|Any CPU
		{E76FBCF5-AF21-4E87-AF50-86C6CFBBD65E}.Debug|x86.ActiveCfg = Debug|Any CPU
		{E76FBCF5-AF21-4E87-AF50-86C6CFBBD65E}.Debug|x86.Build.0 = Debug|Any CPU
		{E76FBCF5-AF21-4E87-AF50-86C6CFBBD65E}.Release|Any CPU.ActiveCfg = Release|Any CPU
		{E76FBCF5-AF21-4E87-AF50-86C6CFBBD65E}.Release|Any CPU.Build.0 = Release|Any CPU
		{E76FBCF5-AF21-4E87-AF50-86C6CFBBD65E}.Release|x64.ActiveCfg = Release|Any CPU
		{E76FBCF5-AF21-4E87-AF50-86C6CFBBD65E}.Release|x64.Build.0 = Release|Any CPU
		{E76FBCF5-AF21-4E87-AF50-86C6CFBBD65E}.Release|x86.ActiveCfg = Release|Any CPU
		{E76FBCF5-AF21-4E87-AF50-86C6CFBBD65E}.Release|x86.Build.0 = Release|Any CPU
		{73984644-FA51-4593-B282-12032D6B34B7}.Debug|Any CPU.ActiveCfg = Debug|Any CPU
		{73984644-FA51-4593-B282-12032D6B34B7}.Debug|Any CPU.Build.0 = Debug|Any CPU
		{73984644-FA51-4593-B282-12032D6B34B7}.Debug|x64.ActiveCfg = Debug|Any CPU
		{73984644-FA51-4593-B282-12032D6B34B7}.Debug|x64.Build.0 = Debug|Any CPU
		{73984644-FA51-4593-B282-12032D6B34B7}.Debug|x86.ActiveCfg = Debug|Any CPU
		{73984644-FA51-4593-B282-12032D6B34B7}.Debug|x86.Build.0 = Debug|Any CPU
		{73984644-FA51-4593-B282-12032D6B34B7}.Release|Any CPU.ActiveCfg = Release|Any CPU
		{73984644-FA51-4593-B282-12032D6B34B7}.Release|Any CPU.Build.0 = Release|Any CPU
		{73984644-FA51-4593-B282-12032D6B34B7}.Release|x64.ActiveCfg = Release|Any CPU
		{73984644-FA51-4593-B282-12032D6B34B7}.Release|x64.Build.0 = Release|Any CPU
		{73984644-FA51-4593-B282-12032D6B34B7}.Release|x86.ActiveCfg = Release|Any CPU
		{73984644-FA51-4593-B282-12032D6B34B7}.Release|x86.Build.0 = Release|Any CPU
		{8F4792BA-64EC-4554-AB86-5BE1A93DF51F}.Debug|Any CPU.ActiveCfg = Debug|Any CPU
		{8F4792BA-64EC-4554-AB86-5BE1A93DF51F}.Debug|Any CPU.Build.0 = Debug|Any CPU
		{8F4792BA-64EC-4554-AB86-5BE1A93DF51F}.Debug|x64.ActiveCfg = Debug|Any CPU
		{8F4792BA-64EC-4554-AB86-5BE1A93DF51F}.Debug|x64.Build.0 = Debug|Any CPU
		{8F4792BA-64EC-4554-AB86-5BE1A93DF51F}.Debug|x86.ActiveCfg = Debug|Any CPU
		{8F4792BA-64EC-4554-AB86-5BE1A93DF51F}.Debug|x86.Build.0 = Debug|Any CPU
		{8F4792BA-64EC-4554-AB86-5BE1A93DF51F}.Release|Any CPU.ActiveCfg = Release|Any CPU
		{8F4792BA-64EC-4554-AB86-5BE1A93DF51F}.Release|Any CPU.Build.0 = Release|Any CPU
		{8F4792BA-64EC-4554-AB86-5BE1A93DF51F}.Release|x64.ActiveCfg = Release|Any CPU
		{8F4792BA-64EC-4554-AB86-5BE1A93DF51F}.Release|x64.Build.0 = Release|Any CPU
		{8F4792BA-64EC-4554-AB86-5BE1A93DF51F}.Release|x86.ActiveCfg = Release|Any CPU
		{8F4792BA-64EC-4554-AB86-5BE1A93DF51F}.Release|x86.Build.0 = Release|Any CPU
		{B8E076B5-6D6C-411C-85AF-976D18AF2125}.Debug|Any CPU.ActiveCfg = Debug|Any CPU
		{B8E076B5-6D6C-411C-85AF-976D18AF2125}.Debug|Any CPU.Build.0 = Debug|Any CPU
		{B8E076B5-6D6C-411C-85AF-976D18AF2125}.Debug|x64.ActiveCfg = Debug|Any CPU
		{B8E076B5-6D6C-411C-85AF-976D18AF2125}.Debug|x64.Build.0 = Debug|Any CPU
		{B8E076B5-6D6C-411C-85AF-976D18AF2125}.Debug|x86.ActiveCfg = Debug|Any CPU
		{B8E076B5-6D6C-411C-85AF-976D18AF2125}.Debug|x86.Build.0 = Debug|Any CPU
		{B8E076B5-6D6C-411C-85AF-976D18AF2125}.Release|Any CPU.ActiveCfg = Release|Any CPU
		{B8E076B5-6D6C-411C-85AF-976D18AF2125}.Release|Any CPU.Build.0 = Release|Any CPU
		{B8E076B5-6D6C-411C-85AF-976D18AF2125}.Release|x64.ActiveCfg = Release|Any CPU
		{B8E076B5-6D6C-411C-85AF-976D18AF2125}.Release|x64.Build.0 = Release|Any CPU
		{B8E076B5-6D6C-411C-85AF-976D18AF2125}.Release|x86.ActiveCfg = Release|Any CPU
		{B8E076B5-6D6C-411C-85AF-976D18AF2125}.Release|x86.Build.0 = Release|Any CPU
		{9DDA2A08-D671-4887-A7A3-6428B31EF07D}.Debug|Any CPU.ActiveCfg = Debug|Any CPU
		{9DDA2A08-D671-4887-A7A3-6428B31EF07D}.Debug|Any CPU.Build.0 = Debug|Any CPU
		{9DDA2A08-D671-4887-A7A3-6428B31EF07D}.Debug|x64.ActiveCfg = Debug|Any CPU
		{9DDA2A08-D671-4887-A7A3-6428B31EF07D}.Debug|x64.Build.0 = Debug|Any CPU
		{9DDA2A08-D671-4887-A7A3-6428B31EF07D}.Debug|x86.ActiveCfg = Debug|Any CPU
		{9DDA2A08-D671-4887-A7A3-6428B31EF07D}.Debug|x86.Build.0 = Debug|Any CPU
		{9DDA2A08-D671-4887-A7A3-6428B31EF07D}.Release|Any CPU.ActiveCfg = Release|Any CPU
		{9DDA2A08-D671-4887-A7A3-6428B31EF07D}.Release|Any CPU.Build.0 = Release|Any CPU
		{9DDA2A08-D671-4887-A7A3-6428B31EF07D}.Release|x64.ActiveCfg = Release|Any CPU
		{9DDA2A08-D671-4887-A7A3-6428B31EF07D}.Release|x64.Build.0 = Release|Any CPU
		{9DDA2A08-D671-4887-A7A3-6428B31EF07D}.Release|x86.ActiveCfg = Release|Any CPU
		{9DDA2A08-D671-4887-A7A3-6428B31EF07D}.Release|x86.Build.0 = Release|Any CPU
		{E994B8A3-7BE0-4A1E-A641-1F42E7809577}.Debug|Any CPU.ActiveCfg = Debug|Any CPU
		{E994B8A3-7BE0-4A1E-A641-1F42E7809577}.Debug|Any CPU.Build.0 = Debug|Any CPU
		{E994B8A3-7BE0-4A1E-A641-1F42E7809577}.Debug|x64.ActiveCfg = Debug|Any CPU
		{E994B8A3-7BE0-4A1E-A641-1F42E7809577}.Debug|x64.Build.0 = Debug|Any CPU
		{E994B8A3-7BE0-4A1E-A641-1F42E7809577}.Debug|x86.ActiveCfg = Debug|Any CPU
		{E994B8A3-7BE0-4A1E-A641-1F42E7809577}.Debug|x86.Build.0 = Debug|Any CPU
		{E994B8A3-7BE0-4A1E-A641-1F42E7809577}.Release|Any CPU.ActiveCfg = Release|Any CPU
		{E994B8A3-7BE0-4A1E-A641-1F42E7809577}.Release|Any CPU.Build.0 = Release|Any CPU
		{E994B8A3-7BE0-4A1E-A641-1F42E7809577}.Release|x64.ActiveCfg = Release|Any CPU
		{E994B8A3-7BE0-4A1E-A641-1F42E7809577}.Release|x64.Build.0 = Release|Any CPU
		{E994B8A3-7BE0-4A1E-A641-1F42E7809577}.Release|x86.ActiveCfg = Release|Any CPU
		{E994B8A3-7BE0-4A1E-A641-1F42E7809577}.Release|x86.Build.0 = Release|Any CPU
		{E4308A30-336B-4948-BCAE-D131DE5B5493}.Debug|Any CPU.ActiveCfg = Debug|Any CPU
		{E4308A30-336B-4948-BCAE-D131DE5B5493}.Debug|Any CPU.Build.0 = Debug|Any CPU
		{E4308A30-336B-4948-BCAE-D131DE5B5493}.Debug|x64.ActiveCfg = Debug|Any CPU
		{E4308A30-336B-4948-BCAE-D131DE5B5493}.Debug|x64.Build.0 = Debug|Any CPU
		{E4308A30-336B-4948-BCAE-D131DE5B5493}.Debug|x86.ActiveCfg = Debug|Any CPU
		{E4308A30-336B-4948-BCAE-D131DE5B5493}.Debug|x86.Build.0 = Debug|Any CPU
		{E4308A30-336B-4948-BCAE-D131DE5B5493}.Release|Any CPU.ActiveCfg = Release|Any CPU
		{E4308A30-336B-4948-BCAE-D131DE5B5493}.Release|Any CPU.Build.0 = Release|Any CPU
		{E4308A30-336B-4948-BCAE-D131DE5B5493}.Release|x64.ActiveCfg = Release|Any CPU
		{E4308A30-336B-4948-BCAE-D131DE5B5493}.Release|x64.Build.0 = Release|Any CPU
		{E4308A30-336B-4948-BCAE-D131DE5B5493}.Release|x86.ActiveCfg = Release|Any CPU
		{E4308A30-336B-4948-BCAE-D131DE5B5493}.Release|x86.Build.0 = Release|Any CPU
		{DBA91C65-5369-4B38-8992-8BC203868918}.Debug|Any CPU.ActiveCfg = Debug|Any CPU
		{DBA91C65-5369-4B38-8992-8BC203868918}.Debug|Any CPU.Build.0 = Debug|Any CPU
		{DBA91C65-5369-4B38-8992-8BC203868918}.Debug|x64.ActiveCfg = Debug|Any CPU
		{DBA91C65-5369-4B38-8992-8BC203868918}.Debug|x64.Build.0 = Debug|Any CPU
		{DBA91C65-5369-4B38-8992-8BC203868918}.Debug|x86.ActiveCfg = Debug|Any CPU
		{DBA91C65-5369-4B38-8992-8BC203868918}.Debug|x86.Build.0 = Debug|Any CPU
		{DBA91C65-5369-4B38-8992-8BC203868918}.Release|Any CPU.ActiveCfg = Release|Any CPU
		{DBA91C65-5369-4B38-8992-8BC203868918}.Release|Any CPU.Build.0 = Release|Any CPU
		{DBA91C65-5369-4B38-8992-8BC203868918}.Release|x64.ActiveCfg = Release|Any CPU
		{DBA91C65-5369-4B38-8992-8BC203868918}.Release|x64.Build.0 = Release|Any CPU
		{DBA91C65-5369-4B38-8992-8BC203868918}.Release|x86.ActiveCfg = Release|Any CPU
		{DBA91C65-5369-4B38-8992-8BC203868918}.Release|x86.Build.0 = Release|Any CPU
		{B74D2407-BEF3-4C25-B8A3-03710AA2066D}.Debug|Any CPU.ActiveCfg = Debug|Any CPU
		{B74D2407-BEF3-4C25-B8A3-03710AA2066D}.Debug|Any CPU.Build.0 = Debug|Any CPU
		{B74D2407-BEF3-4C25-B8A3-03710AA2066D}.Debug|x64.ActiveCfg = Debug|Any CPU
		{B74D2407-BEF3-4C25-B8A3-03710AA2066D}.Debug|x64.Build.0 = Debug|Any CPU
		{B74D2407-BEF3-4C25-B8A3-03710AA2066D}.Debug|x86.ActiveCfg = Debug|Any CPU
		{B74D2407-BEF3-4C25-B8A3-03710AA2066D}.Debug|x86.Build.0 = Debug|Any CPU
		{B74D2407-BEF3-4C25-B8A3-03710AA2066D}.Release|Any CPU.ActiveCfg = Release|Any CPU
		{B74D2407-BEF3-4C25-B8A3-03710AA2066D}.Release|Any CPU.Build.0 = Release|Any CPU
		{B74D2407-BEF3-4C25-B8A3-03710AA2066D}.Release|x64.ActiveCfg = Release|Any CPU
		{B74D2407-BEF3-4C25-B8A3-03710AA2066D}.Release|x64.Build.0 = Release|Any CPU
		{B74D2407-BEF3-4C25-B8A3-03710AA2066D}.Release|x86.ActiveCfg = Release|Any CPU
		{B74D2407-BEF3-4C25-B8A3-03710AA2066D}.Release|x86.Build.0 = Release|Any CPU
		{249A1E7D-B1DC-430E-BF6B-1A74115169C8}.Debug|Any CPU.ActiveCfg = Debug|Any CPU
		{249A1E7D-B1DC-430E-BF6B-1A74115169C8}.Debug|Any CPU.Build.0 = Debug|Any CPU
		{249A1E7D-B1DC-430E-BF6B-1A74115169C8}.Debug|x64.ActiveCfg = Debug|Any CPU
		{249A1E7D-B1DC-430E-BF6B-1A74115169C8}.Debug|x64.Build.0 = Debug|Any CPU
		{249A1E7D-B1DC-430E-BF6B-1A74115169C8}.Debug|x86.ActiveCfg = Debug|Any CPU
		{249A1E7D-B1DC-430E-BF6B-1A74115169C8}.Debug|x86.Build.0 = Debug|Any CPU
		{249A1E7D-B1DC-430E-BF6B-1A74115169C8}.Release|Any CPU.ActiveCfg = Release|Any CPU
		{249A1E7D-B1DC-430E-BF6B-1A74115169C8}.Release|Any CPU.Build.0 = Release|Any CPU
		{249A1E7D-B1DC-430E-BF6B-1A74115169C8}.Release|x64.ActiveCfg = Release|Any CPU
		{249A1E7D-B1DC-430E-BF6B-1A74115169C8}.Release|x64.Build.0 = Release|Any CPU
		{249A1E7D-B1DC-430E-BF6B-1A74115169C8}.Release|x86.ActiveCfg = Release|Any CPU
		{249A1E7D-B1DC-430E-BF6B-1A74115169C8}.Release|x86.Build.0 = Release|Any CPU
		{F896EDD0-7025-4C63-814A-5C239B1BE0AD}.Debug|Any CPU.ActiveCfg = Debug|Any CPU
		{F896EDD0-7025-4C63-814A-5C239B1BE0AD}.Debug|Any CPU.Build.0 = Debug|Any CPU
		{F896EDD0-7025-4C63-814A-5C239B1BE0AD}.Debug|x64.ActiveCfg = Debug|Any CPU
		{F896EDD0-7025-4C63-814A-5C239B1BE0AD}.Debug|x64.Build.0 = Debug|Any CPU
		{F896EDD0-7025-4C63-814A-5C239B1BE0AD}.Debug|x86.ActiveCfg = Debug|Any CPU
		{F896EDD0-7025-4C63-814A-5C239B1BE0AD}.Debug|x86.Build.0 = Debug|Any CPU
		{F896EDD0-7025-4C63-814A-5C239B1BE0AD}.Release|Any CPU.ActiveCfg = Release|Any CPU
		{F896EDD0-7025-4C63-814A-5C239B1BE0AD}.Release|Any CPU.Build.0 = Release|Any CPU
		{F896EDD0-7025-4C63-814A-5C239B1BE0AD}.Release|x64.ActiveCfg = Release|Any CPU
		{F896EDD0-7025-4C63-814A-5C239B1BE0AD}.Release|x64.Build.0 = Release|Any CPU
		{F896EDD0-7025-4C63-814A-5C239B1BE0AD}.Release|x86.ActiveCfg = Release|Any CPU
		{F896EDD0-7025-4C63-814A-5C239B1BE0AD}.Release|x86.Build.0 = Release|Any CPU
		{C5D444F4-EE36-42A8-8238-F2EF4222B7B6}.Debug|Any CPU.ActiveCfg = Debug|Any CPU
		{C5D444F4-EE36-42A8-8238-F2EF4222B7B6}.Debug|Any CPU.Build.0 = Debug|Any CPU
		{C5D444F4-EE36-42A8-8238-F2EF4222B7B6}.Debug|x64.ActiveCfg = Debug|Any CPU
		{C5D444F4-EE36-42A8-8238-F2EF4222B7B6}.Debug|x64.Build.0 = Debug|Any CPU
		{C5D444F4-EE36-42A8-8238-F2EF4222B7B6}.Debug|x86.ActiveCfg = Debug|Any CPU
		{C5D444F4-EE36-42A8-8238-F2EF4222B7B6}.Debug|x86.Build.0 = Debug|Any CPU
		{C5D444F4-EE36-42A8-8238-F2EF4222B7B6}.Release|Any CPU.ActiveCfg = Release|Any CPU
		{C5D444F4-EE36-42A8-8238-F2EF4222B7B6}.Release|Any CPU.Build.0 = Release|Any CPU
		{C5D444F4-EE36-42A8-8238-F2EF4222B7B6}.Release|x64.ActiveCfg = Release|Any CPU
		{C5D444F4-EE36-42A8-8238-F2EF4222B7B6}.Release|x64.Build.0 = Release|Any CPU
		{C5D444F4-EE36-42A8-8238-F2EF4222B7B6}.Release|x86.ActiveCfg = Release|Any CPU
		{C5D444F4-EE36-42A8-8238-F2EF4222B7B6}.Release|x86.Build.0 = Release|Any CPU
		{C27AF101-BA35-45AA-8521-4616D830B3E0}.Debug|Any CPU.ActiveCfg = Debug|Any CPU
		{C27AF101-BA35-45AA-8521-4616D830B3E0}.Debug|Any CPU.Build.0 = Debug|Any CPU
		{C27AF101-BA35-45AA-8521-4616D830B3E0}.Debug|x64.ActiveCfg = Debug|Any CPU
		{C27AF101-BA35-45AA-8521-4616D830B3E0}.Debug|x64.Build.0 = Debug|Any CPU
		{C27AF101-BA35-45AA-8521-4616D830B3E0}.Debug|x86.ActiveCfg = Debug|Any CPU
		{C27AF101-BA35-45AA-8521-4616D830B3E0}.Debug|x86.Build.0 = Debug|Any CPU
		{C27AF101-BA35-45AA-8521-4616D830B3E0}.Release|Any CPU.ActiveCfg = Release|Any CPU
		{C27AF101-BA35-45AA-8521-4616D830B3E0}.Release|Any CPU.Build.0 = Release|Any CPU
		{C27AF101-BA35-45AA-8521-4616D830B3E0}.Release|x64.ActiveCfg = Release|Any CPU
		{C27AF101-BA35-45AA-8521-4616D830B3E0}.Release|x64.Build.0 = Release|Any CPU
		{C27AF101-BA35-45AA-8521-4616D830B3E0}.Release|x86.ActiveCfg = Release|Any CPU
		{C27AF101-BA35-45AA-8521-4616D830B3E0}.Release|x86.Build.0 = Release|Any CPU
		{F1A8FA7D-B1AC-48E5-B894-279458EBA0B5}.Debug|Any CPU.ActiveCfg = Debug|Any CPU
		{F1A8FA7D-B1AC-48E5-B894-279458EBA0B5}.Debug|Any CPU.Build.0 = Debug|Any CPU
		{F1A8FA7D-B1AC-48E5-B894-279458EBA0B5}.Debug|x64.ActiveCfg = Debug|Any CPU
		{F1A8FA7D-B1AC-48E5-B894-279458EBA0B5}.Debug|x64.Build.0 = Debug|Any CPU
		{F1A8FA7D-B1AC-48E5-B894-279458EBA0B5}.Debug|x86.ActiveCfg = Debug|Any CPU
		{F1A8FA7D-B1AC-48E5-B894-279458EBA0B5}.Debug|x86.Build.0 = Debug|Any CPU
		{F1A8FA7D-B1AC-48E5-B894-279458EBA0B5}.Release|Any CPU.ActiveCfg = Release|Any CPU
		{F1A8FA7D-B1AC-48E5-B894-279458EBA0B5}.Release|Any CPU.Build.0 = Release|Any CPU
		{F1A8FA7D-B1AC-48E5-B894-279458EBA0B5}.Release|x64.ActiveCfg = Release|Any CPU
		{F1A8FA7D-B1AC-48E5-B894-279458EBA0B5}.Release|x64.Build.0 = Release|Any CPU
		{F1A8FA7D-B1AC-48E5-B894-279458EBA0B5}.Release|x86.ActiveCfg = Release|Any CPU
		{F1A8FA7D-B1AC-48E5-B894-279458EBA0B5}.Release|x86.Build.0 = Release|Any CPU
		{D7A7D192-962D-45C1-8DC6-E40D01CDF204}.Debug|Any CPU.ActiveCfg = Debug|Any CPU
		{D7A7D192-962D-45C1-8DC6-E40D01CDF204}.Debug|Any CPU.Build.0 = Debug|Any CPU
		{D7A7D192-962D-45C1-8DC6-E40D01CDF204}.Debug|x64.ActiveCfg = Debug|Any CPU
		{D7A7D192-962D-45C1-8DC6-E40D01CDF204}.Debug|x64.Build.0 = Debug|Any CPU
		{D7A7D192-962D-45C1-8DC6-E40D01CDF204}.Debug|x86.ActiveCfg = Debug|Any CPU
		{D7A7D192-962D-45C1-8DC6-E40D01CDF204}.Debug|x86.Build.0 = Debug|Any CPU
		{D7A7D192-962D-45C1-8DC6-E40D01CDF204}.Release|Any CPU.ActiveCfg = Release|Any CPU
		{D7A7D192-962D-45C1-8DC6-E40D01CDF204}.Release|Any CPU.Build.0 = Release|Any CPU
		{D7A7D192-962D-45C1-8DC6-E40D01CDF204}.Release|x64.ActiveCfg = Release|Any CPU
		{D7A7D192-962D-45C1-8DC6-E40D01CDF204}.Release|x64.Build.0 = Release|Any CPU
		{D7A7D192-962D-45C1-8DC6-E40D01CDF204}.Release|x86.ActiveCfg = Release|Any CPU
		{D7A7D192-962D-45C1-8DC6-E40D01CDF204}.Release|x86.Build.0 = Release|Any CPU
		{60653C4E-C9AA-4CE5-A5E1-6E4F103DBD82}.Debug|Any CPU.ActiveCfg = Debug|Any CPU
		{60653C4E-C9AA-4CE5-A5E1-6E4F103DBD82}.Debug|Any CPU.Build.0 = Debug|Any CPU
		{60653C4E-C9AA-4CE5-A5E1-6E4F103DBD82}.Debug|x64.ActiveCfg = Debug|Any CPU
		{60653C4E-C9AA-4CE5-A5E1-6E4F103DBD82}.Debug|x64.Build.0 = Debug|Any CPU
		{60653C4E-C9AA-4CE5-A5E1-6E4F103DBD82}.Debug|x86.ActiveCfg = Debug|Any CPU
		{60653C4E-C9AA-4CE5-A5E1-6E4F103DBD82}.Debug|x86.Build.0 = Debug|Any CPU
		{60653C4E-C9AA-4CE5-A5E1-6E4F103DBD82}.Release|Any CPU.ActiveCfg = Release|Any CPU
		{60653C4E-C9AA-4CE5-A5E1-6E4F103DBD82}.Release|Any CPU.Build.0 = Release|Any CPU
		{60653C4E-C9AA-4CE5-A5E1-6E4F103DBD82}.Release|x64.ActiveCfg = Release|Any CPU
		{60653C4E-C9AA-4CE5-A5E1-6E4F103DBD82}.Release|x64.Build.0 = Release|Any CPU
		{60653C4E-C9AA-4CE5-A5E1-6E4F103DBD82}.Release|x86.ActiveCfg = Release|Any CPU
		{60653C4E-C9AA-4CE5-A5E1-6E4F103DBD82}.Release|x86.Build.0 = Release|Any CPU
		{97D88606-B701-4B56-ADEF-1159C2C6E15B}.Debug|Any CPU.ActiveCfg = Debug|Any CPU
		{97D88606-B701-4B56-ADEF-1159C2C6E15B}.Debug|Any CPU.Build.0 = Debug|Any CPU
		{97D88606-B701-4B56-ADEF-1159C2C6E15B}.Debug|x64.ActiveCfg = Debug|Any CPU
		{97D88606-B701-4B56-ADEF-1159C2C6E15B}.Debug|x64.Build.0 = Debug|Any CPU
		{97D88606-B701-4B56-ADEF-1159C2C6E15B}.Debug|x86.ActiveCfg = Debug|Any CPU
		{97D88606-B701-4B56-ADEF-1159C2C6E15B}.Debug|x86.Build.0 = Debug|Any CPU
		{97D88606-B701-4B56-ADEF-1159C2C6E15B}.Release|Any CPU.ActiveCfg = Release|Any CPU
		{97D88606-B701-4B56-ADEF-1159C2C6E15B}.Release|Any CPU.Build.0 = Release|Any CPU
		{97D88606-B701-4B56-ADEF-1159C2C6E15B}.Release|x64.ActiveCfg = Release|Any CPU
		{97D88606-B701-4B56-ADEF-1159C2C6E15B}.Release|x64.Build.0 = Release|Any CPU
		{97D88606-B701-4B56-ADEF-1159C2C6E15B}.Release|x86.ActiveCfg = Release|Any CPU
		{97D88606-B701-4B56-ADEF-1159C2C6E15B}.Release|x86.Build.0 = Release|Any CPU
		{DA1728CD-68B6-4531-8BFD-D9E7A2B67BE8}.Debug|Any CPU.ActiveCfg = Debug|Any CPU
		{DA1728CD-68B6-4531-8BFD-D9E7A2B67BE8}.Debug|Any CPU.Build.0 = Debug|Any CPU
		{DA1728CD-68B6-4531-8BFD-D9E7A2B67BE8}.Debug|x64.ActiveCfg = Debug|Any CPU
		{DA1728CD-68B6-4531-8BFD-D9E7A2B67BE8}.Debug|x64.Build.0 = Debug|Any CPU
		{DA1728CD-68B6-4531-8BFD-D9E7A2B67BE8}.Debug|x86.ActiveCfg = Debug|Any CPU
		{DA1728CD-68B6-4531-8BFD-D9E7A2B67BE8}.Debug|x86.Build.0 = Debug|Any CPU
		{DA1728CD-68B6-4531-8BFD-D9E7A2B67BE8}.Release|Any CPU.ActiveCfg = Release|Any CPU
		{DA1728CD-68B6-4531-8BFD-D9E7A2B67BE8}.Release|Any CPU.Build.0 = Release|Any CPU
		{DA1728CD-68B6-4531-8BFD-D9E7A2B67BE8}.Release|x64.ActiveCfg = Release|Any CPU
		{DA1728CD-68B6-4531-8BFD-D9E7A2B67BE8}.Release|x64.Build.0 = Release|Any CPU
		{DA1728CD-68B6-4531-8BFD-D9E7A2B67BE8}.Release|x86.ActiveCfg = Release|Any CPU
		{DA1728CD-68B6-4531-8BFD-D9E7A2B67BE8}.Release|x86.Build.0 = Release|Any CPU
		{B0FF6DE2-A8FC-4935-A842-57574EC3ABDA}.Debug|Any CPU.ActiveCfg = Debug|Any CPU
		{B0FF6DE2-A8FC-4935-A842-57574EC3ABDA}.Debug|Any CPU.Build.0 = Debug|Any CPU
		{B0FF6DE2-A8FC-4935-A842-57574EC3ABDA}.Debug|x64.ActiveCfg = Debug|Any CPU
		{B0FF6DE2-A8FC-4935-A842-57574EC3ABDA}.Debug|x64.Build.0 = Debug|Any CPU
		{B0FF6DE2-A8FC-4935-A842-57574EC3ABDA}.Debug|x86.ActiveCfg = Debug|Any CPU
		{B0FF6DE2-A8FC-4935-A842-57574EC3ABDA}.Debug|x86.Build.0 = Debug|Any CPU
		{B0FF6DE2-A8FC-4935-A842-57574EC3ABDA}.Release|Any CPU.ActiveCfg = Release|Any CPU
		{B0FF6DE2-A8FC-4935-A842-57574EC3ABDA}.Release|Any CPU.Build.0 = Release|Any CPU
		{B0FF6DE2-A8FC-4935-A842-57574EC3ABDA}.Release|x64.ActiveCfg = Release|Any CPU
		{B0FF6DE2-A8FC-4935-A842-57574EC3ABDA}.Release|x64.Build.0 = Release|Any CPU
		{B0FF6DE2-A8FC-4935-A842-57574EC3ABDA}.Release|x86.ActiveCfg = Release|Any CPU
		{B0FF6DE2-A8FC-4935-A842-57574EC3ABDA}.Release|x86.Build.0 = Release|Any CPU
		{073EFFCE-7291-425F-95A6-080822F8B7A9}.Debug|Any CPU.ActiveCfg = Debug|Any CPU
		{073EFFCE-7291-425F-95A6-080822F8B7A9}.Debug|Any CPU.Build.0 = Debug|Any CPU
		{073EFFCE-7291-425F-95A6-080822F8B7A9}.Debug|x64.ActiveCfg = Debug|Any CPU
		{073EFFCE-7291-425F-95A6-080822F8B7A9}.Debug|x64.Build.0 = Debug|Any CPU
		{073EFFCE-7291-425F-95A6-080822F8B7A9}.Debug|x86.ActiveCfg = Debug|Any CPU
		{073EFFCE-7291-425F-95A6-080822F8B7A9}.Debug|x86.Build.0 = Debug|Any CPU
		{073EFFCE-7291-425F-95A6-080822F8B7A9}.Release|Any CPU.ActiveCfg = Release|Any CPU
		{073EFFCE-7291-425F-95A6-080822F8B7A9}.Release|Any CPU.Build.0 = Release|Any CPU
		{073EFFCE-7291-425F-95A6-080822F8B7A9}.Release|x64.ActiveCfg = Release|Any CPU
		{073EFFCE-7291-425F-95A6-080822F8B7A9}.Release|x64.Build.0 = Release|Any CPU
		{073EFFCE-7291-425F-95A6-080822F8B7A9}.Release|x86.ActiveCfg = Release|Any CPU
		{073EFFCE-7291-425F-95A6-080822F8B7A9}.Release|x86.Build.0 = Release|Any CPU
		{DFA412EC-FFB0-4759-A244-735D91A9E511}.Debug|Any CPU.ActiveCfg = Debug|Any CPU
		{DFA412EC-FFB0-4759-A244-735D91A9E511}.Debug|Any CPU.Build.0 = Debug|Any CPU
		{DFA412EC-FFB0-4759-A244-735D91A9E511}.Debug|x64.ActiveCfg = Debug|Any CPU
		{DFA412EC-FFB0-4759-A244-735D91A9E511}.Debug|x64.Build.0 = Debug|Any CPU
		{DFA412EC-FFB0-4759-A244-735D91A9E511}.Debug|x86.ActiveCfg = Debug|Any CPU
		{DFA412EC-FFB0-4759-A244-735D91A9E511}.Debug|x86.Build.0 = Debug|Any CPU
		{DFA412EC-FFB0-4759-A244-735D91A9E511}.Release|Any CPU.ActiveCfg = Release|Any CPU
		{DFA412EC-FFB0-4759-A244-735D91A9E511}.Release|Any CPU.Build.0 = Release|Any CPU
		{DFA412EC-FFB0-4759-A244-735D91A9E511}.Release|x64.ActiveCfg = Release|Any CPU
		{DFA412EC-FFB0-4759-A244-735D91A9E511}.Release|x64.Build.0 = Release|Any CPU
		{DFA412EC-FFB0-4759-A244-735D91A9E511}.Release|x86.ActiveCfg = Release|Any CPU
		{DFA412EC-FFB0-4759-A244-735D91A9E511}.Release|x86.Build.0 = Release|Any CPU
	EndGlobalSection
	GlobalSection(SolutionProperties) = preSolution
		HideSolutionNode = FALSE
	EndGlobalSection
	GlobalSection(NestedProjects) = preSolution
		{635B4AF3-B4E7-4FDC-9EF3-08E8B87804FA} = {F38C0233-EA70-96F1-08F7-53034EC70A96}
		{69E7C6CD-12BD-454A-8B24-2C583A53EC95} = {F38C0233-EA70-96F1-08F7-53034EC70A96}
		{4F7CE632-997F-4A81-BF7B-E6938598A0AF} = {F38C0233-EA70-96F1-08F7-53034EC70A96}
		{8DC21042-92CE-4B6D-ADB7-5FCA353DF381} = {F38C0233-EA70-96F1-08F7-53034EC70A96}
		{E088C226-95FC-46B9-8088-144E2FC72344} = {F38C0233-EA70-96F1-08F7-53034EC70A96}
		{E76FBCF5-AF21-4E87-AF50-86C6CFBBD65E} = {F38C0233-EA70-96F1-08F7-53034EC70A96}
		{73984644-FA51-4593-B282-12032D6B34B7} = {F38C0233-EA70-96F1-08F7-53034EC70A96}
		{8F4792BA-64EC-4554-AB86-5BE1A93DF51F} = {F38C0233-EA70-96F1-08F7-53034EC70A96}
		{B8E076B5-6D6C-411C-85AF-976D18AF2125} = {F38C0233-EA70-96F1-08F7-53034EC70A96}
		{9DDA2A08-D671-4887-A7A3-6428B31EF07D} = {F38C0233-EA70-96F1-08F7-53034EC70A96}
		{E994B8A3-7BE0-4A1E-A641-1F42E7809577} = {F38C0233-EA70-96F1-08F7-53034EC70A96}
		{E4308A30-336B-4948-BCAE-D131DE5B5493} = {F38C0233-EA70-96F1-08F7-53034EC70A96}
		{DBA91C65-5369-4B38-8992-8BC203868918} = {F38C0233-EA70-96F1-08F7-53034EC70A96}
		{B74D2407-BEF3-4C25-B8A3-03710AA2066D} = {F38C0233-EA70-96F1-08F7-53034EC70A96}
		{249A1E7D-B1DC-430E-BF6B-1A74115169C8} = {F38C0233-EA70-96F1-08F7-53034EC70A96}
		{F896EDD0-7025-4C63-814A-5C239B1BE0AD} = {F38C0233-EA70-96F1-08F7-53034EC70A96}
		{C5D444F4-EE36-42A8-8238-F2EF4222B7B6} = {F38C0233-EA70-96F1-08F7-53034EC70A96}
		{C27AF101-BA35-45AA-8521-4616D830B3E0} = {F38C0233-EA70-96F1-08F7-53034EC70A96}
		{F1A8FA7D-B1AC-48E5-B894-279458EBA0B5} = {F38C0233-EA70-96F1-08F7-53034EC70A96}
		{D7A7D192-962D-45C1-8DC6-E40D01CDF204} = {F38C0233-EA70-96F1-08F7-53034EC70A96}
		{60653C4E-C9AA-4CE5-A5E1-6E4F103DBD82} = {F38C0233-EA70-96F1-08F7-53034EC70A96}
		{97D88606-B701-4B56-ADEF-1159C2C6E15B} = {F38C0233-EA70-96F1-08F7-53034EC70A96}
		{DA1728CD-68B6-4531-8BFD-D9E7A2B67BE8} = {F38C0233-EA70-96F1-08F7-53034EC70A96}
		{B0FF6DE2-A8FC-4935-A842-57574EC3ABDA} = {F38C0233-EA70-96F1-08F7-53034EC70A96}
		{073EFFCE-7291-425F-95A6-080822F8B7A9} = {F38C0233-EA70-96F1-08F7-53034EC70A96}
		{DFA412EC-FFB0-4759-A244-735D91A9E511} = {F38C0233-EA70-96F1-08F7-53034EC70A96}
	EndGlobalSection
EndGlobal
