
Microsoft Visual Studio Solution File, Format Version 12.00
# Visual Studio Version 17
VisualStudioVersion = 17.5.002.0
MinimumVisualStudioVersion = 10.0.40219.1
Project("{9A19103F-16F7-4668-BE54-9A1E7A4F7556}") = "CS06_Command_DesignPatterns", "CS06_Command_DesignPatterns.csproj", "{AEF6C34E-2A37-497D-9C8A-916731E005DC}"
EndProject
Global
	GlobalSection(SolutionConfigurationPlatforms) = preSolution
		Debug|Any CPU = Debug|Any CPU
		Release|Any CPU = Release|Any CPU
	EndGlobalSection
	GlobalSection(ProjectConfigurationPlatforms) = postSolution
		{AEF6C34E-2A37-497D-9C8A-916731E005DC}.Debug|Any CPU.ActiveCfg = Debug|Any CPU
		{AEF6C34E-2A37-497D-9C8A-916731E005DC}.Debug|Any CPU.Build.0 = Debug|Any CPU
		{AEF6C34E-2A37-497D-9C8A-916731E005DC}.Release|Any CPU.ActiveCfg = Release|Any CPU
		{AEF6C34E-2A37-497D-9C8A-916731E005DC}.Release|Any CPU.Build.0 = Release|Any CPU
	EndGlobalSection
	GlobalSection(SolutionProperties) = preSolution
		HideSolutionNode = FALSE
	EndGlobalSection
	GlobalSection(ExtensibilityGlobals) = postSolution
		SolutionGuid = {6228980D-A9C8-461D-A585-71233E65FD2D}
	EndGlobalSection
EndGlobal
